// !$*UTF8*$!
{
	archiveVersion = 1;
	classes = {
	};
	objectVersion = 46;
	objects = {

/* Begin PBXBuildFile section */
		AC2547B81F24ABED00F54829 /* MShopMemberDetailViewController.m in Sources */ = {isa = PBXBuildFile; fileRef = AC2547B71F24ABEC00F54829 /* MShopMemberDetailViewController.m */; };
		AC6670A81F0B25C00067F6EE /* main.m in Sources */ = {isa = PBXBuildFile; fileRef = AC6670A71F0B25C00067F6EE /* main.m */; };
		AC6670AB1F0B25C00067F6EE /* MShopAppDelegate.mm in Sources */ = {isa = PBXBuildFile; fileRef = AC6670AA1F0B25C00067F6EE /* MShopAppDelegate.mm */; };
		AC6670B11F0B25C00067F6EE /* Main.storyboard in Resources */ = {isa = PBXBuildFile; fileRef = AC6670AF1F0B25C00067F6EE /* Main.storyboard */; };
		AC6670B31F0B25C00067F6EE /* Assets.xcassets in Resources */ = {isa = PBXBuildFile; fileRef = AC6670B21F0B25C00067F6EE /* Assets.xcassets */; };
		AC6670B61F0B25C00067F6EE /* LaunchScreen.storyboard in Resources */ = {isa = PBXBuildFile; fileRef = AC6670B41F0B25C00067F6EE /* LaunchScreen.storyboard */; };
		AC7398F81F218FA500F753C2 /* SDWebImage.framework in Frameworks */ = {isa = PBXBuildFile; fileRef = AC7398F71F218FA500F753C2 /* SDWebImage.framework */; };
		AC7398F91F218FA500F753C2 /* SDWebImage.framework in Embed Frameworks */ = {isa = PBXBuildFile; fileRef = AC7398F71F218FA500F753C2 /* SDWebImage.framework */; settings = {ATTRIBUTES = (CodeSignOnCopy, RemoveHeadersOnCopy, ); }; };
		AC7398FC1F21936800F753C2 /* MShopGetEmployeeListApi.m in Sources */ = {isa = PBXBuildFile; fileRef = AC7398FB1F21936800F753C2 /* MShopGetEmployeeListApi.m */; };
		AC7398FF1F21A33700F753C2 /* MShopGetMemberListApi.m in Sources */ = {isa = PBXBuildFile; fileRef = AC7398FE1F21A33700F753C2 /* MShopGetMemberListApi.m */; };
		AC7399021F21AC6200F753C2 /* MShopIndividualInfo.m in Sources */ = {isa = PBXBuildFile; fileRef = AC7399011F21AC6200F753C2 /* MShopIndividualInfo.m */; };
		AC7399051F21DCF500F753C2 /* MShopUserIdLoginApi.m in Sources */ = {isa = PBXBuildFile; fileRef = AC7399041F21DCF500F753C2 /* MShopUserIdLoginApi.m */; };
		AC7399081F21E67500F753C2 /* MShopMemberListCellView.m in Sources */ = {isa = PBXBuildFile; fileRef = AC7399071F21E67500F753C2 /* MShopMemberListCellView.m */; };
		AC73990A1F21E68C00F753C2 /* MShopMemberListCellView.xib in Resources */ = {isa = PBXBuildFile; fileRef = AC7399091F21E68C00F753C2 /* MShopMemberListCellView.xib */; };
		AC73990D1F21FB8D00F753C2 /* NSMutableArray+SafeInsert.m in Sources */ = {isa = PBXBuildFile; fileRef = AC73990C1F21FB8D00F753C2 /* NSMutableArray+SafeInsert.m */; };
		AC7399101F21FBAF00F753C2 /* NSMutableDictionary+SafeInsert.m in Sources */ = {isa = PBXBuildFile; fileRef = AC73990F1F21FBAF00F753C2 /* NSMutableDictionary+SafeInsert.m */; };
		AC7399131F22034500F753C2 /* NSArray+SafeInsert.m in Sources */ = {isa = PBXBuildFile; fileRef = AC7399121F22034500F753C2 /* NSArray+SafeInsert.m */; };
		AC7399161F22045A00F753C2 /* NSCache+SafeInsert.m in Sources */ = {isa = PBXBuildFile; fileRef = AC7399151F22045A00F753C2 /* NSCache+SafeInsert.m */; };
		AC7399191F2204D100F753C2 /* NSMutableSet+SafeInsert.m in Sources */ = {isa = PBXBuildFile; fileRef = AC7399181F2204D100F753C2 /* NSMutableSet+SafeInsert.m */; };
		AC73991C1F22051700F753C2 /* NSMutableString+SafeInsert.m in Sources */ = {isa = PBXBuildFile; fileRef = AC73991B1F22051700F753C2 /* NSMutableString+SafeInsert.m */; };
		AC7C28511F203E6D003C0C4C /* MShopApiManger.m in Sources */ = {isa = PBXBuildFile; fileRef = AC7C284B1F203E6D003C0C4C /* MShopApiManger.m */; };
		AC7C28521F203E6D003C0C4C /* MShopLoginApi.m in Sources */ = {isa = PBXBuildFile; fileRef = AC7C284D1F203E6D003C0C4C /* MShopLoginApi.m */; };
		AC7C28531F203E6D003C0C4C /* MShopLoginService.mm in Sources */ = {isa = PBXBuildFile; fileRef = AC7C28501F203E6D003C0C4C /* MShopLoginService.mm */; };
		AC7C28561F207932003C0C4C /* MShopLoginTable.m in Sources */ = {isa = PBXBuildFile; fileRef = AC7C28551F207932003C0C4C /* MShopLoginTable.m */; };
		AC7C28581F209509003C0C4C /* Mshop_Me.storyboard in Resources */ = {isa = PBXBuildFile; fileRef = AC7C28571F209509003C0C4C /* Mshop_Me.storyboard */; };
		AC7C285B1F209A79003C0C4C /* MShopLoginUserInfo+WCDB.mm in Sources */ = {isa = PBXBuildFile; fileRef = AC7C285A1F209A79003C0C4C /* MShopLoginUserInfo+WCDB.mm */; };
		AC7C285E1F209B51003C0C4C /* MShopLoginTable+WCDB.mm in Sources */ = {isa = PBXBuildFile; fileRef = AC7C285D1F209B51003C0C4C /* MShopLoginTable+WCDB.mm */; };
		AC7C28611F209B86003C0C4C /* MShopEmployeeInfo+WCDB.mm in Sources */ = {isa = PBXBuildFile; fileRef = AC7C28601F209B86003C0C4C /* MShopEmployeeInfo+WCDB.mm */; };
		AC7C28641F20B01E003C0C4C /* MFNetWorkAgent.m in Sources */ = {isa = PBXBuildFile; fileRef = AC7C28631F20B01E003C0C4C /* MFNetWorkAgent.m */; };
		AC7C28671F20B33F003C0C4C /* MShopMainFrameLogicController.m in Sources */ = {isa = PBXBuildFile; fileRef = AC7C28661F20B33F003C0C4C /* MShopMainFrameLogicController.m */; };
		AC7C28691F20B540003C0C4C /* MShop_MainFrame.storyboard in Resources */ = {isa = PBXBuildFile; fileRef = AC7C28681F20B540003C0C4C /* MShop_MainFrame.storyboard */; };
		AC7E3F721F2580760035E3DC /* SCLAlertViewFramework.framework in Frameworks */ = {isa = PBXBuildFile; fileRef = AC7E3F711F2580760035E3DC /* SCLAlertViewFramework.framework */; };
		AC7E3F731F2580760035E3DC /* SCLAlertViewFramework.framework in Embed Frameworks */ = {isa = PBXBuildFile; fileRef = AC7E3F711F2580760035E3DC /* SCLAlertViewFramework.framework */; settings = {ATTRIBUTES = (CodeSignOnCopy, RemoveHeadersOnCopy, ); }; };
		AC7E3F771F2598DD0035E3DC /* UINavigationController+FDFullscreenPopGesture.m in Sources */ = {isa = PBXBuildFile; fileRef = AC7E3F761F2598DD0035E3DC /* UINavigationController+FDFullscreenPopGesture.m */; };
		AC7E3F7A1F25C3130035E3DC /* MShopEmployeeListViewController.m in Sources */ = {isa = PBXBuildFile; fileRef = AC7E3F791F25C3130035E3DC /* MShopEmployeeListViewController.m */; };
		AC7E3F7D1F25CA560035E3DC /* MShopEmployeeInfoCellView.m in Sources */ = {isa = PBXBuildFile; fileRef = AC7E3F7C1F25CA560035E3DC /* MShopEmployeeInfoCellView.m */; };
		AC7E3F7F1F25CBB60035E3DC /* MShopEmployeeInfoCellView.xib in Resources */ = {isa = PBXBuildFile; fileRef = AC7E3F7E1F25CBB60035E3DC /* MShopEmployeeInfoCellView.xib */; };
		AC7E3F821F25CF420035E3DC /* MShopIndividualModifyApi.m in Sources */ = {isa = PBXBuildFile; fileRef = AC7E3F811F25CF420035E3DC /* MShopIndividualModifyApi.m */; };
		AC7E3F851F25DB270035E3DC /* MShopMemberProfileCellView.m in Sources */ = {isa = PBXBuildFile; fileRef = AC7E3F841F25DB270035E3DC /* MShopMemberProfileCellView.m */; };
		AC7E3F871F25DB650035E3DC /* MShopMemberProfileCellView.xib in Resources */ = {isa = PBXBuildFile; fileRef = AC7E3F861F25DB650035E3DC /* MShopMemberProfileCellView.xib */; };
		AC7FBD641F26DB2F00B11D5C /* MShopGetIndividualApi.m in Sources */ = {isa = PBXBuildFile; fileRef = AC7FBD631F26DB2F00B11D5C /* MShopGetIndividualApi.m */; };
		AC7FBD751F2735E100B11D5C /* MShopSearchIndividualApi.m in Sources */ = {isa = PBXBuildFile; fileRef = AC7FBD741F2735E100B11D5C /* MShopSearchIndividualApi.m */; };
		AC7FBD7B1F2741B300B11D5C /* MMSearchBarDisplayController.m in Sources */ = {isa = PBXBuildFile; fileRef = AC7FBD781F2741B300B11D5C /* MMSearchBarDisplayController.m */; };
		AC7FBD7C1F2741B300B11D5C /* MMUISearchBar.m in Sources */ = {isa = PBXBuildFile; fileRef = AC7FBD7A1F2741B300B11D5C /* MMUISearchBar.m */; };
		AC7FBD7F1F27443100B11D5C /* MShopIndividualConsumptionApi.m in Sources */ = {isa = PBXBuildFile; fileRef = AC7FBD7E1F27443100B11D5C /* MShopIndividualConsumptionApi.m */; };
		AC85C21C1F1EE7A1003785A4 /* MShopEmployeeInfo.m in Sources */ = {isa = PBXBuildFile; fileRef = AC85C21B1F1EE7A1003785A4 /* MShopEmployeeInfo.m */; };
		AC85C2221F1F2F7B003785A4 /* MShopMainFrameViewController.m in Sources */ = {isa = PBXBuildFile; fileRef = AC85C2211F1F2F7B003785A4 /* MShopMainFrameViewController.m */; };
		AC85C2251F1F52BC003785A4 /* MShopAppViewControllerManager.mm in Sources */ = {isa = PBXBuildFile; fileRef = AC85C2241F1F52BC003785A4 /* MShopAppViewControllerManager.mm */; };
		AC85C2291F1F542F003785A4 /* MShopMeViewController.mm in Sources */ = {isa = PBXBuildFile; fileRef = AC85C2281F1F542F003785A4 /* MShopMeViewController.mm */; };
		AC85C22C1F1F5943003785A4 /* MShopMemberListViewController.m in Sources */ = {isa = PBXBuildFile; fileRef = AC85C22B1F1F5943003785A4 /* MShopMemberListViewController.m */; };
		AC867DD11F1D982600694086 /* AFNetworking.framework in Frameworks */ = {isa = PBXBuildFile; fileRef = AC867DCD1F1D982600694086 /* AFNetworking.framework */; };
		AC867DD21F1D982600694086 /* AFNetworking.framework in Embed Frameworks */ = {isa = PBXBuildFile; fileRef = AC867DCD1F1D982600694086 /* AFNetworking.framework */; settings = {ATTRIBUTES = (CodeSignOnCopy, RemoveHeadersOnCopy, ); }; };
		AC867DD31F1D982600694086 /* FMDB.framework in Frameworks */ = {isa = PBXBuildFile; fileRef = AC867DCE1F1D982600694086 /* FMDB.framework */; };
		AC867DD41F1D982600694086 /* FMDB.framework in Embed Frameworks */ = {isa = PBXBuildFile; fileRef = AC867DCE1F1D982600694086 /* FMDB.framework */; settings = {ATTRIBUTES = (CodeSignOnCopy, RemoveHeadersOnCopy, ); }; };
		AC867DD51F1D982600694086 /* WCDB.framework in Frameworks */ = {isa = PBXBuildFile; fileRef = AC867DCF1F1D982600694086 /* WCDB.framework */; };
		AC867DD61F1D982600694086 /* WCDB.framework in Embed Frameworks */ = {isa = PBXBuildFile; fileRef = AC867DCF1F1D982600694086 /* WCDB.framework */; settings = {ATTRIBUTES = (CodeSignOnCopy, RemoveHeadersOnCopy, ); }; };
		AC867DD71F1D982600694086 /* YTKNetwork.framework in Frameworks */ = {isa = PBXBuildFile; fileRef = AC867DD01F1D982600694086 /* YTKNetwork.framework */; };
		AC867DD81F1D982600694086 /* YTKNetwork.framework in Embed Frameworks */ = {isa = PBXBuildFile; fileRef = AC867DD01F1D982600694086 /* YTKNetwork.framework */; settings = {ATTRIBUTES = (CodeSignOnCopy, RemoveHeadersOnCopy, ); }; };
		AC867DDE1F1D983E00694086 /* AVFoundation.framework in Frameworks */ = {isa = PBXBuildFile; fileRef = AC867DDB1F1D983E00694086 /* AVFoundation.framework */; };
		AC867DDF1F1D983E00694086 /* CoreFoundation.framework in Frameworks */ = {isa = PBXBuildFile; fileRef = AC867DDC1F1D983E00694086 /* CoreFoundation.framework */; };
		AC867DE01F1D983E00694086 /* Foundation.framework in Frameworks */ = {isa = PBXBuildFile; fileRef = AC867DDD1F1D983E00694086 /* Foundation.framework */; };
		AC867DE61F1D990300694086 /* libWXWorkApi.a in Frameworks */ = {isa = PBXBuildFile; fileRef = AC867DE31F1D990300694086 /* libWXWorkApi.a */; };
		AC867DEE1F1D997600694086 /* MShopLoginViewController.mm in Sources */ = {isa = PBXBuildFile; fileRef = AC867DED1F1D997600694086 /* MShopLoginViewController.mm */; };
		AC867E3E1F1D99E600694086 /* NSDictionary+Unicode.m in Sources */ = {isa = PBXBuildFile; fileRef = AC867DF31F1D99E600694086 /* NSDictionary+Unicode.m */; };
		AC867E3F1F1D99E600694086 /* NSString+MMWidth.m in Sources */ = {isa = PBXBuildFile; fileRef = AC867DF51F1D99E600694086 /* NSString+MMWidth.m */; };
		AC867E401F1D99E600694086 /* UIView+Extend.m in Sources */ = {isa = PBXBuildFile; fileRef = AC867DF71F1D99E600694086 /* UIView+Extend.m */; };
		AC867E411F1D99E600694086 /* UIView+threadHook.m in Sources */ = {isa = PBXBuildFile; fileRef = AC867DF91F1D99E600694086 /* UIView+threadHook.m */; };
		AC867E421F1D99E600694086 /* UIView+viewController.m in Sources */ = {isa = PBXBuildFile; fileRef = AC867DFB1F1D99E600694086 /* UIView+viewController.m */; };
		AC867E431F1D99E600694086 /* UIViewController+FixBackIndicatorImage.m in Sources */ = {isa = PBXBuildFile; fileRef = AC867DFD1F1D99E600694086 /* UIViewController+FixBackIndicatorImage.m */; };
		AC867E441F1D99E600694086 /* UIViewController+FullScreen.m in Sources */ = {isa = PBXBuildFile; fileRef = AC867DFF1F1D99E600694086 /* UIViewController+FullScreen.m */; };
		AC867E451F1D99E600694086 /* UIViewController+pregress.m in Sources */ = {isa = PBXBuildFile; fileRef = AC867E011F1D99E600694086 /* UIViewController+pregress.m */; };
		AC867E461F1D99E600694086 /* UIViewController+UINavigationItem.m in Sources */ = {isa = PBXBuildFile; fileRef = AC867E031F1D99E600694086 /* UIViewController+UINavigationItem.m */; };
		AC867E471F1D99E600694086 /* MFMultiMenuTableViewCell.m in Sources */ = {isa = PBXBuildFile; fileRef = AC867E061F1D99E600694086 /* MFMultiMenuTableViewCell.m */; };
		AC867E481F1D99E600694086 /* MFTableViewCell.m in Sources */ = {isa = PBXBuildFile; fileRef = AC867E081F1D99E600694086 /* MFTableViewCell.m */; };
		AC867E491F1D99E600694086 /* MFUIButton.m in Sources */ = {isa = PBXBuildFile; fileRef = AC867E0A1F1D99E600694086 /* MFUIButton.m */; };
		AC867E4A1F1D99E600694086 /* MFUICollectionView.m in Sources */ = {isa = PBXBuildFile; fileRef = AC867E0C1F1D99E600694086 /* MFUICollectionView.m */; };
		AC867E4B1F1D99E600694086 /* MFUITableView.m in Sources */ = {isa = PBXBuildFile; fileRef = AC867E0E1F1D99E600694086 /* MFUITableView.m */; };
		AC867E4C1F1D99E600694086 /* MMBaseInfoItem.m in Sources */ = {isa = PBXBuildFile; fileRef = AC867E111F1D99E600694086 /* MMBaseInfoItem.m */; };
		AC867E4D1F1D99E600694086 /* MMBaseTextFieldItem.m in Sources */ = {isa = PBXBuildFile; fileRef = AC867E131F1D99E600694086 /* MMBaseTextFieldItem.m */; };
		AC867E4E1F1D99E600694086 /* MMNavigationController.m in Sources */ = {isa = PBXBuildFile; fileRef = AC867E151F1D99E600694086 /* MMNavigationController.m */; };
		AC867E4F1F1D99E600694086 /* MMObject.m in Sources */ = {isa = PBXBuildFile; fileRef = AC867E171F1D99E600694086 /* MMObject.m */; };
		AC867E501F1D99E600694086 /* MMOnePixLayoutConstraint.m in Sources */ = {isa = PBXBuildFile; fileRef = AC867E191F1D99E600694086 /* MMOnePixLayoutConstraint.m */; };
		AC867E511F1D99E600694086 /* MMSelectButton.m in Sources */ = {isa = PBXBuildFile; fileRef = AC867E1B1F1D99E600694086 /* MMSelectButton.m */; };
		AC867E521F1D99E600694086 /* MMUIBridgeView.m in Sources */ = {isa = PBXBuildFile; fileRef = AC867E1D1F1D99E600694086 /* MMUIBridgeView.m */; };
		AC867E531F1D99E600694086 /* MMUINavigationBar.m in Sources */ = {isa = PBXBuildFile; fileRef = AC867E1F1F1D99E600694086 /* MMUINavigationBar.m */; };
		AC867E541F1D99E600694086 /* MMUITextField.m in Sources */ = {isa = PBXBuildFile; fileRef = AC867E211F1D99E600694086 /* MMUITextField.m */; };
		AC867E551F1D99E600694086 /* MMUIView.m in Sources */ = {isa = PBXBuildFile; fileRef = AC867E231F1D99E600694086 /* MMUIView.m */; };
		AC867E561F1D99E600694086 /* MMViewController.m in Sources */ = {isa = PBXBuildFile; fileRef = AC867E251F1D99E600694086 /* MMViewController.m */; };
		AC867E571F1D99E600694086 /* UINavigationBar+MMUINavigationBar.m in Sources */ = {isa = PBXBuildFile; fileRef = AC867E271F1D99E600694086 /* UINavigationBar+MMUINavigationBar.m */; };
		AC867E581F1D99E600694086 /* MFModelHelper.m in Sources */ = {isa = PBXBuildFile; fileRef = AC867E2A1F1D99E600694086 /* MFModelHelper.m */; };
		AC867E591F1D99E600694086 /* MFThemeHelper.m in Sources */ = {isa = PBXBuildFile; fileRef = AC867E2C1F1D99E600694086 /* MFThemeHelper.m */; };
		AC867E5A1F1D99E600694086 /* MFTableViewCellInfo.m in Sources */ = {isa = PBXBuildFile; fileRef = AC867E311F1D99E600694086 /* MFTableViewCellInfo.m */; };
		AC867E5B1F1D99E600694086 /* MFTableViewInfo.m in Sources */ = {isa = PBXBuildFile; fileRef = AC867E331F1D99E600694086 /* MFTableViewInfo.m */; };
		AC867E5C1F1D99E600694086 /* MFTableViewSectionInfo.m in Sources */ = {isa = PBXBuildFile; fileRef = AC867E351F1D99E600694086 /* MFTableViewSectionInfo.m */; };
		AC867E5D1F1D99E600694086 /* MFTableViewUserInfo.m in Sources */ = {isa = PBXBuildFile; fileRef = AC867E371F1D99E600694086 /* MFTableViewUserInfo.m */; };
		AC867E5E1F1D99E600694086 /* MMTabBarController.m in Sources */ = {isa = PBXBuildFile; fileRef = AC867E3A1F1D99E600694086 /* MMTabBarController.m */; };
		AC867E5F1F1D99E600694086 /* MFStringUtil.m in Sources */ = {isa = PBXBuildFile; fileRef = AC867E3D1F1D99E600694086 /* MFStringUtil.m */; };
		AC867E741F1D9BB400694086 /* NSObject+YYModel.m in Sources */ = {isa = PBXBuildFile; fileRef = AC867E631F1D9BB400694086 /* NSObject+YYModel.m */; };
		AC867E751F1D9BB400694086 /* YYClassInfo.m in Sources */ = {isa = PBXBuildFile; fileRef = AC867E651F1D9BB400694086 /* YYClassInfo.m */; };
		AC867E761F1D9BB400694086 /* LYSideslipCell.m in Sources */ = {isa = PBXBuildFile; fileRef = AC867E6A1F1D9BB400694086 /* LYSideslipCell.m */; };
		AC867E771F1D9BB400694086 /* HexColors.m in Sources */ = {isa = PBXBuildFile; fileRef = AC867E6E1F1D9BB400694086 /* HexColors.m */; };
		AC867E781F1D9BB400694086 /* XXNibBridge.m in Sources */ = {isa = PBXBuildFile; fileRef = AC867E711F1D9BB400694086 /* XXNibBridge.m */; };
		AC867E791F1D9BB400694086 /* XXNibConvention.m in Sources */ = {isa = PBXBuildFile; fileRef = AC867E731F1D9BB400694086 /* XXNibConvention.m */; };
		AC867E801F1D9CBB00694086 /* MBProgressHUD.m in Sources */ = {isa = PBXBuildFile; fileRef = AC867E7F1F1D9CBB00694086 /* MBProgressHUD.m */; };
		AC867EC51F1DB32800694086 /* HYBNetworking.m in Sources */ = {isa = PBXBuildFile; fileRef = AC867E8F1F1DB32800694086 /* HYBNetworking.m */; };
		AC867EC61F1DB32800694086 /* MFNetwork.m in Sources */ = {isa = PBXBuildFile; fileRef = AC867E911F1DB32800694086 /* MFNetwork.m */; };
		AC867EC71F1DB32800694086 /* MFNetworkRequest.m in Sources */ = {isa = PBXBuildFile; fileRef = AC867E931F1DB32800694086 /* MFNetworkRequest.m */; };
		AC867EE31F1DB55600694086 /* MMService.m in Sources */ = {isa = PBXBuildFile; fileRef = AC867EE01F1DB55600694086 /* MMService.m */; };
		AC867EE41F1DB55600694086 /* MMServiceCenter.m in Sources */ = {isa = PBXBuildFile; fileRef = AC867EE21F1DB55600694086 /* MMServiceCenter.m */; };
		AC867EF31F1DD4EA00694086 /* MShopSSOReqAttachObject.m in Sources */ = {isa = PBXBuildFile; fileRef = AC867EF21F1DD4EA00694086 /* MShopSSOReqAttachObject.m */; };
		AC867EFD1F1DF24100694086 /* YTKAnimatingRequestAccessory.m in Sources */ = {isa = PBXBuildFile; fileRef = AC867EF61F1DF24100694086 /* YTKAnimatingRequestAccessory.m */; };
		AC867EFE1F1DF24100694086 /* YTKBaseRequest+AnimatingAccessory.m in Sources */ = {isa = PBXBuildFile; fileRef = AC867EF81F1DF24100694086 /* YTKBaseRequest+AnimatingAccessory.m */; };
		AC867EFF1F1DF24100694086 /* YTKBatchRequest+AnimatingAccessory.m in Sources */ = {isa = PBXBuildFile; fileRef = AC867EFA1F1DF24100694086 /* YTKBatchRequest+AnimatingAccessory.m */; };
		AC867F001F1DF24100694086 /* YTKChainRequest+AnimatingAccessory.m in Sources */ = {isa = PBXBuildFile; fileRef = AC867EFC1F1DF24100694086 /* YTKChainRequest+AnimatingAccessory.m */; };
		AC867F031F1E00DA00694086 /* MShopLoginUserInfo.m in Sources */ = {isa = PBXBuildFile; fileRef = AC867F021F1E00DA00694086 /* MShopLoginUserInfo.m */; };
/* End PBXBuildFile section */

/* Begin PBXCopyFilesBuildPhase section */
		AC867DD91F1D982600694086 /* Embed Frameworks */ = {
			isa = PBXCopyFilesBuildPhase;
			buildActionMask = 2147483647;
			dstPath = "";
			dstSubfolderSpec = 10;
			files = (
				AC7398F91F218FA500F753C2 /* SDWebImage.framework in Embed Frameworks */,
				AC867DD21F1D982600694086 /* AFNetworking.framework in Embed Frameworks */,
				AC7E3F731F2580760035E3DC /* SCLAlertViewFramework.framework in Embed Frameworks */,
				AC867DD41F1D982600694086 /* FMDB.framework in Embed Frameworks */,
				AC867DD81F1D982600694086 /* YTKNetwork.framework in Embed Frameworks */,
				AC867DD61F1D982600694086 /* WCDB.framework in Embed Frameworks */,
			);
			name = "Embed Frameworks";
			runOnlyForDeploymentPostprocessing = 0;
		};
/* End PBXCopyFilesBuildPhase section */

/* Begin PBXFileReference section */
		AC2547B61F24ABEC00F54829 /* MShopMemberDetailViewController.h */ = {isa = PBXFileReference; fileEncoding = 4; lastKnownFileType = sourcecode.c.h; path = MShopMemberDetailViewController.h; sourceTree = "<group>"; };
		AC2547B71F24ABEC00F54829 /* MShopMemberDetailViewController.m */ = {isa = PBXFileReference; fileEncoding = 4; lastKnownFileType = sourcecode.c.objc; path = MShopMemberDetailViewController.m; sourceTree = "<group>"; };
		AC6670A31F0B25C00067F6EE /* EekaMShop.app */ = {isa = PBXFileReference; explicitFileType = wrapper.application; includeInIndex = 0; path = EekaMShop.app; sourceTree = BUILT_PRODUCTS_DIR; };
		AC6670A71F0B25C00067F6EE /* main.m */ = {isa = PBXFileReference; lastKnownFileType = sourcecode.c.objc; path = main.m; sourceTree = "<group>"; };
		AC6670A91F0B25C00067F6EE /* MShopAppDelegate.h */ = {isa = PBXFileReference; explicitFileType = sourcecode.cpp.objcpp.preprocessed; path = MShopAppDelegate.h; sourceTree = "<group>"; };
		AC6670AA1F0B25C00067F6EE /* MShopAppDelegate.mm */ = {isa = PBXFileReference; explicitFileType = sourcecode.cpp.objcpp; path = MShopAppDelegate.mm; sourceTree = "<group>"; };
		AC6670B01F0B25C00067F6EE /* Base */ = {isa = PBXFileReference; lastKnownFileType = file.storyboard; name = Base; path = Base.lproj/Main.storyboard; sourceTree = "<group>"; };
		AC6670B21F0B25C00067F6EE /* Assets.xcassets */ = {isa = PBXFileReference; lastKnownFileType = folder.assetcatalog; path = Assets.xcassets; sourceTree = "<group>"; };
		AC6670B51F0B25C00067F6EE /* Base */ = {isa = PBXFileReference; lastKnownFileType = file.storyboard; name = Base; path = Base.lproj/LaunchScreen.storyboard; sourceTree = "<group>"; };
		AC6670B71F0B25C00067F6EE /* Info.plist */ = {isa = PBXFileReference; lastKnownFileType = text.plist.xml; path = Info.plist; sourceTree = "<group>"; };
		AC7398F71F218FA500F753C2 /* SDWebImage.framework */ = {isa = PBXFileReference; lastKnownFileType = wrapper.framework; name = SDWebImage.framework; path = Carthage/Build/iOS/SDWebImage.framework; sourceTree = "<group>"; };
		AC7398FA1F21936800F753C2 /* MShopGetEmployeeListApi.h */ = {isa = PBXFileReference; fileEncoding = 4; lastKnownFileType = sourcecode.c.h; path = MShopGetEmployeeListApi.h; sourceTree = "<group>"; };
		AC7398FB1F21936800F753C2 /* MShopGetEmployeeListApi.m */ = {isa = PBXFileReference; fileEncoding = 4; lastKnownFileType = sourcecode.c.objc; path = MShopGetEmployeeListApi.m; sourceTree = "<group>"; };
		AC7398FD1F21A33700F753C2 /* MShopGetMemberListApi.h */ = {isa = PBXFileReference; fileEncoding = 4; lastKnownFileType = sourcecode.c.h; path = MShopGetMemberListApi.h; sourceTree = "<group>"; };
		AC7398FE1F21A33700F753C2 /* MShopGetMemberListApi.m */ = {isa = PBXFileReference; fileEncoding = 4; lastKnownFileType = sourcecode.c.objc; path = MShopGetMemberListApi.m; sourceTree = "<group>"; };
		AC7399001F21AC6200F753C2 /* MShopIndividualInfo.h */ = {isa = PBXFileReference; fileEncoding = 4; lastKnownFileType = sourcecode.c.h; path = MShopIndividualInfo.h; sourceTree = "<group>"; };
		AC7399011F21AC6200F753C2 /* MShopIndividualInfo.m */ = {isa = PBXFileReference; fileEncoding = 4; lastKnownFileType = sourcecode.c.objc; path = MShopIndividualInfo.m; sourceTree = "<group>"; };
		AC7399031F21DCF500F753C2 /* MShopUserIdLoginApi.h */ = {isa = PBXFileReference; fileEncoding = 4; lastKnownFileType = sourcecode.c.h; path = MShopUserIdLoginApi.h; sourceTree = "<group>"; };
		AC7399041F21DCF500F753C2 /* MShopUserIdLoginApi.m */ = {isa = PBXFileReference; fileEncoding = 4; lastKnownFileType = sourcecode.c.objc; path = MShopUserIdLoginApi.m; sourceTree = "<group>"; };
		AC7399061F21E67500F753C2 /* MShopMemberListCellView.h */ = {isa = PBXFileReference; fileEncoding = 4; lastKnownFileType = sourcecode.c.h; path = MShopMemberListCellView.h; sourceTree = "<group>"; };
		AC7399071F21E67500F753C2 /* MShopMemberListCellView.m */ = {isa = PBXFileReference; fileEncoding = 4; lastKnownFileType = sourcecode.c.objc; path = MShopMemberListCellView.m; sourceTree = "<group>"; };
		AC7399091F21E68C00F753C2 /* MShopMemberListCellView.xib */ = {isa = PBXFileReference; fileEncoding = 4; lastKnownFileType = file.xib; path = MShopMemberListCellView.xib; sourceTree = "<group>"; };
		AC73990B1F21FB8D00F753C2 /* NSMutableArray+SafeInsert.h */ = {isa = PBXFileReference; fileEncoding = 4; lastKnownFileType = sourcecode.c.h; path = "NSMutableArray+SafeInsert.h"; sourceTree = "<group>"; };
		AC73990C1F21FB8D00F753C2 /* NSMutableArray+SafeInsert.m */ = {isa = PBXFileReference; fileEncoding = 4; lastKnownFileType = sourcecode.c.objc; path = "NSMutableArray+SafeInsert.m"; sourceTree = "<group>"; };
		AC73990E1F21FBAF00F753C2 /* NSMutableDictionary+SafeInsert.h */ = {isa = PBXFileReference; fileEncoding = 4; lastKnownFileType = sourcecode.c.h; path = "NSMutableDictionary+SafeInsert.h"; sourceTree = "<group>"; };
		AC73990F1F21FBAF00F753C2 /* NSMutableDictionary+SafeInsert.m */ = {isa = PBXFileReference; fileEncoding = 4; lastKnownFileType = sourcecode.c.objc; path = "NSMutableDictionary+SafeInsert.m"; sourceTree = "<group>"; };
		AC7399111F22034500F753C2 /* NSArray+SafeInsert.h */ = {isa = PBXFileReference; fileEncoding = 4; lastKnownFileType = sourcecode.c.h; path = "NSArray+SafeInsert.h"; sourceTree = "<group>"; };
		AC7399121F22034500F753C2 /* NSArray+SafeInsert.m */ = {isa = PBXFileReference; fileEncoding = 4; lastKnownFileType = sourcecode.c.objc; path = "NSArray+SafeInsert.m"; sourceTree = "<group>"; };
		AC7399141F22045A00F753C2 /* NSCache+SafeInsert.h */ = {isa = PBXFileReference; fileEncoding = 4; lastKnownFileType = sourcecode.c.h; path = "NSCache+SafeInsert.h"; sourceTree = "<group>"; };
		AC7399151F22045A00F753C2 /* NSCache+SafeInsert.m */ = {isa = PBXFileReference; fileEncoding = 4; lastKnownFileType = sourcecode.c.objc; path = "NSCache+SafeInsert.m"; sourceTree = "<group>"; };
		AC7399171F2204D100F753C2 /* NSMutableSet+SafeInsert.h */ = {isa = PBXFileReference; fileEncoding = 4; lastKnownFileType = sourcecode.c.h; path = "NSMutableSet+SafeInsert.h"; sourceTree = "<group>"; };
		AC7399181F2204D100F753C2 /* NSMutableSet+SafeInsert.m */ = {isa = PBXFileReference; fileEncoding = 4; lastKnownFileType = sourcecode.c.objc; path = "NSMutableSet+SafeInsert.m"; sourceTree = "<group>"; };
		AC73991A1F22051700F753C2 /* NSMutableString+SafeInsert.h */ = {isa = PBXFileReference; fileEncoding = 4; lastKnownFileType = sourcecode.c.h; path = "NSMutableString+SafeInsert.h"; sourceTree = "<group>"; };
		AC73991B1F22051700F753C2 /* NSMutableString+SafeInsert.m */ = {isa = PBXFileReference; fileEncoding = 4; lastKnownFileType = sourcecode.c.objc; path = "NSMutableString+SafeInsert.m"; sourceTree = "<group>"; };
		AC7C284A1F203E6D003C0C4C /* MShopApiManger.h */ = {isa = PBXFileReference; fileEncoding = 4; lastKnownFileType = sourcecode.c.h; path = MShopApiManger.h; sourceTree = "<group>"; };
		AC7C284B1F203E6D003C0C4C /* MShopApiManger.m */ = {isa = PBXFileReference; fileEncoding = 4; lastKnownFileType = sourcecode.c.objc; path = MShopApiManger.m; sourceTree = "<group>"; };
		AC7C284C1F203E6D003C0C4C /* MShopLoginApi.h */ = {isa = PBXFileReference; fileEncoding = 4; lastKnownFileType = sourcecode.c.h; path = MShopLoginApi.h; sourceTree = "<group>"; };
		AC7C284D1F203E6D003C0C4C /* MShopLoginApi.m */ = {isa = PBXFileReference; fileEncoding = 4; lastKnownFileType = sourcecode.c.objc; path = MShopLoginApi.m; sourceTree = "<group>"; };
		AC7C284F1F203E6D003C0C4C /* MShopLoginService.h */ = {isa = PBXFileReference; explicitFileType = sourcecode.cpp.objcpp.preprocessed; fileEncoding = 4; path = MShopLoginService.h; sourceTree = "<group>"; };
		AC7C28501F203E6D003C0C4C /* MShopLoginService.mm */ = {isa = PBXFileReference; explicitFileType = sourcecode.cpp.objcpp; fileEncoding = 4; path = MShopLoginService.mm; sourceTree = "<group>"; };
		AC7C28541F207932003C0C4C /* MShopLoginTable.h */ = {isa = PBXFileReference; explicitFileType = sourcecode.c.objc.preprocessed; fileEncoding = 4; path = MShopLoginTable.h; sourceTree = "<group>"; };
		AC7C28551F207932003C0C4C /* MShopLoginTable.m */ = {isa = PBXFileReference; explicitFileType = sourcecode.c.objc; fileEncoding = 4; path = MShopLoginTable.m; sourceTree = "<group>"; };
		AC7C28571F209509003C0C4C /* Mshop_Me.storyboard */ = {isa = PBXFileReference; fileEncoding = 4; lastKnownFileType = file.storyboard; path = Mshop_Me.storyboard; sourceTree = "<group>"; };
		AC7C28591F209A79003C0C4C /* MShopLoginUserInfo+WCDB.h */ = {isa = PBXFileReference; explicitFileType = sourcecode.cpp.objcpp.preprocessed; fileEncoding = 4; path = "MShopLoginUserInfo+WCDB.h"; sourceTree = "<group>"; };
		AC7C285A1F209A79003C0C4C /* MShopLoginUserInfo+WCDB.mm */ = {isa = PBXFileReference; explicitFileType = sourcecode.cpp.objcpp; fileEncoding = 4; path = "MShopLoginUserInfo+WCDB.mm"; sourceTree = "<group>"; };
		AC7C285C1F209B51003C0C4C /* MShopLoginTable+WCDB.h */ = {isa = PBXFileReference; explicitFileType = sourcecode.cpp.objcpp.preprocessed; fileEncoding = 4; path = "MShopLoginTable+WCDB.h"; sourceTree = "<group>"; };
		AC7C285D1F209B51003C0C4C /* MShopLoginTable+WCDB.mm */ = {isa = PBXFileReference; explicitFileType = sourcecode.cpp.objcpp; fileEncoding = 4; path = "MShopLoginTable+WCDB.mm"; sourceTree = "<group>"; };
		AC7C285F1F209B86003C0C4C /* MShopEmployeeInfo+WCDB.h */ = {isa = PBXFileReference; explicitFileType = sourcecode.cpp.objcpp.preprocessed; fileEncoding = 4; path = "MShopEmployeeInfo+WCDB.h"; sourceTree = "<group>"; };
		AC7C28601F209B86003C0C4C /* MShopEmployeeInfo+WCDB.mm */ = {isa = PBXFileReference; explicitFileType = sourcecode.cpp.objcpp; fileEncoding = 4; path = "MShopEmployeeInfo+WCDB.mm"; sourceTree = "<group>"; };
		AC7C28621F20B01E003C0C4C /* MFNetWorkAgent.h */ = {isa = PBXFileReference; fileEncoding = 4; lastKnownFileType = sourcecode.c.h; path = MFNetWorkAgent.h; sourceTree = "<group>"; };
		AC7C28631F20B01E003C0C4C /* MFNetWorkAgent.m */ = {isa = PBXFileReference; fileEncoding = 4; lastKnownFileType = sourcecode.c.objc; path = MFNetWorkAgent.m; sourceTree = "<group>"; };
		AC7C28651F20B33F003C0C4C /* MShopMainFrameLogicController.h */ = {isa = PBXFileReference; fileEncoding = 4; lastKnownFileType = sourcecode.c.h; path = MShopMainFrameLogicController.h; sourceTree = "<group>"; };
		AC7C28661F20B33F003C0C4C /* MShopMainFrameLogicController.m */ = {isa = PBXFileReference; fileEncoding = 4; lastKnownFileType = sourcecode.c.objc; path = MShopMainFrameLogicController.m; sourceTree = "<group>"; };
		AC7C28681F20B540003C0C4C /* MShop_MainFrame.storyboard */ = {isa = PBXFileReference; fileEncoding = 4; lastKnownFileType = file.storyboard; path = MShop_MainFrame.storyboard; sourceTree = "<group>"; };
		AC7E3F711F2580760035E3DC /* SCLAlertViewFramework.framework */ = {isa = PBXFileReference; lastKnownFileType = wrapper.framework; name = SCLAlertViewFramework.framework; path = Carthage/Build/iOS/SCLAlertViewFramework.framework; sourceTree = "<group>"; };
		AC7E3F751F2598DD0035E3DC /* UINavigationController+FDFullscreenPopGesture.h */ = {isa = PBXFileReference; fileEncoding = 4; lastKnownFileType = sourcecode.c.h; path = "UINavigationController+FDFullscreenPopGesture.h"; sourceTree = "<group>"; };
		AC7E3F761F2598DD0035E3DC /* UINavigationController+FDFullscreenPopGesture.m */ = {isa = PBXFileReference; fileEncoding = 4; lastKnownFileType = sourcecode.c.objc; path = "UINavigationController+FDFullscreenPopGesture.m"; sourceTree = "<group>"; };
		AC7E3F781F25C3130035E3DC /* MShopEmployeeListViewController.h */ = {isa = PBXFileReference; fileEncoding = 4; lastKnownFileType = sourcecode.c.h; path = MShopEmployeeListViewController.h; sourceTree = "<group>"; };
		AC7E3F791F25C3130035E3DC /* MShopEmployeeListViewController.m */ = {isa = PBXFileReference; fileEncoding = 4; lastKnownFileType = sourcecode.c.objc; path = MShopEmployeeListViewController.m; sourceTree = "<group>"; };
		AC7E3F7B1F25CA560035E3DC /* MShopEmployeeInfoCellView.h */ = {isa = PBXFileReference; fileEncoding = 4; lastKnownFileType = sourcecode.c.h; path = MShopEmployeeInfoCellView.h; sourceTree = "<group>"; };
		AC7E3F7C1F25CA560035E3DC /* MShopEmployeeInfoCellView.m */ = {isa = PBXFileReference; fileEncoding = 4; lastKnownFileType = sourcecode.c.objc; path = MShopEmployeeInfoCellView.m; sourceTree = "<group>"; };
		AC7E3F7E1F25CBB60035E3DC /* MShopEmployeeInfoCellView.xib */ = {isa = PBXFileReference; fileEncoding = 4; lastKnownFileType = file.xib; path = MShopEmployeeInfoCellView.xib; sourceTree = "<group>"; };
		AC7E3F801F25CF420035E3DC /* MShopIndividualModifyApi.h */ = {isa = PBXFileReference; fileEncoding = 4; lastKnownFileType = sourcecode.c.h; path = MShopIndividualModifyApi.h; sourceTree = "<group>"; };
		AC7E3F811F25CF420035E3DC /* MShopIndividualModifyApi.m */ = {isa = PBXFileReference; fileEncoding = 4; lastKnownFileType = sourcecode.c.objc; path = MShopIndividualModifyApi.m; sourceTree = "<group>"; };
		AC7E3F831F25DB270035E3DC /* MShopMemberProfileCellView.h */ = {isa = PBXFileReference; fileEncoding = 4; lastKnownFileType = sourcecode.c.h; path = MShopMemberProfileCellView.h; sourceTree = "<group>"; };
		AC7E3F841F25DB270035E3DC /* MShopMemberProfileCellView.m */ = {isa = PBXFileReference; fileEncoding = 4; lastKnownFileType = sourcecode.c.objc; path = MShopMemberProfileCellView.m; sourceTree = "<group>"; };
		AC7E3F861F25DB650035E3DC /* MShopMemberProfileCellView.xib */ = {isa = PBXFileReference; fileEncoding = 4; lastKnownFileType = file.xib; path = MShopMemberProfileCellView.xib; sourceTree = "<group>"; };
		AC7FBD621F26DB2F00B11D5C /* MShopGetIndividualApi.h */ = {isa = PBXFileReference; fileEncoding = 4; lastKnownFileType = sourcecode.c.h; path = MShopGetIndividualApi.h; sourceTree = "<group>"; };
		AC7FBD631F26DB2F00B11D5C /* MShopGetIndividualApi.m */ = {isa = PBXFileReference; fileEncoding = 4; lastKnownFileType = sourcecode.c.objc; path = MShopGetIndividualApi.m; sourceTree = "<group>"; };
		AC7FBD731F2735E100B11D5C /* MShopSearchIndividualApi.h */ = {isa = PBXFileReference; fileEncoding = 4; lastKnownFileType = sourcecode.c.h; path = MShopSearchIndividualApi.h; sourceTree = "<group>"; };
		AC7FBD741F2735E100B11D5C /* MShopSearchIndividualApi.m */ = {isa = PBXFileReference; fileEncoding = 4; lastKnownFileType = sourcecode.c.objc; path = MShopSearchIndividualApi.m; sourceTree = "<group>"; };
		AC7FBD771F2741B300B11D5C /* MMSearchBarDisplayController.h */ = {isa = PBXFileReference; fileEncoding = 4; lastKnownFileType = sourcecode.c.h; path = MMSearchBarDisplayController.h; sourceTree = "<group>"; };
		AC7FBD781F2741B300B11D5C /* MMSearchBarDisplayController.m */ = {isa = PBXFileReference; fileEncoding = 4; lastKnownFileType = sourcecode.c.objc; path = MMSearchBarDisplayController.m; sourceTree = "<group>"; };
		AC7FBD791F2741B300B11D5C /* MMUISearchBar.h */ = {isa = PBXFileReference; fileEncoding = 4; lastKnownFileType = sourcecode.c.h; path = MMUISearchBar.h; sourceTree = "<group>"; };
		AC7FBD7A1F2741B300B11D5C /* MMUISearchBar.m */ = {isa = PBXFileReference; fileEncoding = 4; lastKnownFileType = sourcecode.c.objc; path = MMUISearchBar.m; sourceTree = "<group>"; };
		AC7FBD7D1F27443100B11D5C /* MShopIndividualConsumptionApi.h */ = {isa = PBXFileReference; fileEncoding = 4; lastKnownFileType = sourcecode.c.h; path = MShopIndividualConsumptionApi.h; sourceTree = "<group>"; };
		AC7FBD7E1F27443100B11D5C /* MShopIndividualConsumptionApi.m */ = {isa = PBXFileReference; fileEncoding = 4; lastKnownFileType = sourcecode.c.objc; path = MShopIndividualConsumptionApi.m; sourceTree = "<group>"; };
		AC85C21A1F1EE7A1003785A4 /* MShopEmployeeInfo.h */ = {isa = PBXFileReference; fileEncoding = 4; lastKnownFileType = sourcecode.c.h; path = MShopEmployeeInfo.h; sourceTree = "<group>"; };
		AC85C21B1F1EE7A1003785A4 /* MShopEmployeeInfo.m */ = {isa = PBXFileReference; explicitFileType = sourcecode.c.objc; fileEncoding = 4; path = MShopEmployeeInfo.m; sourceTree = "<group>"; };
		AC85C21E1F1F2D45003785A4 /* MFFileUtil.h */ = {isa = PBXFileReference; lastKnownFileType = sourcecode.c.h; path = MFFileUtil.h; sourceTree = "<group>"; };
		AC85C2201F1F2F7B003785A4 /* MShopMainFrameViewController.h */ = {isa = PBXFileReference; fileEncoding = 4; lastKnownFileType = sourcecode.c.h; path = MShopMainFrameViewController.h; sourceTree = "<group>"; };
		AC85C2211F1F2F7B003785A4 /* MShopMainFrameViewController.m */ = {isa = PBXFileReference; fileEncoding = 4; lastKnownFileType = sourcecode.c.objc; path = MShopMainFrameViewController.m; sourceTree = "<group>"; };
		AC85C2231F1F52BC003785A4 /* MShopAppViewControllerManager.h */ = {isa = PBXFileReference; explicitFileType = sourcecode.cpp.objcpp.preprocessed; fileEncoding = 4; path = MShopAppViewControllerManager.h; sourceTree = "<group>"; };
		AC85C2241F1F52BC003785A4 /* MShopAppViewControllerManager.mm */ = {isa = PBXFileReference; explicitFileType = sourcecode.cpp.objcpp; fileEncoding = 4; path = MShopAppViewControllerManager.mm; sourceTree = "<group>"; };
		AC85C2271F1F542F003785A4 /* MShopMeViewController.h */ = {isa = PBXFileReference; explicitFileType = sourcecode.cpp.objcpp.preprocessed; fileEncoding = 4; path = MShopMeViewController.h; sourceTree = "<group>"; };
		AC85C2281F1F542F003785A4 /* MShopMeViewController.mm */ = {isa = PBXFileReference; explicitFileType = sourcecode.cpp.objcpp; fileEncoding = 4; path = MShopMeViewController.mm; sourceTree = "<group>"; };
		AC85C22A1F1F5943003785A4 /* MShopMemberListViewController.h */ = {isa = PBXFileReference; fileEncoding = 4; lastKnownFileType = sourcecode.c.h; path = MShopMemberListViewController.h; sourceTree = "<group>"; };
		AC85C22B1F1F5943003785A4 /* MShopMemberListViewController.m */ = {isa = PBXFileReference; fileEncoding = 4; lastKnownFileType = sourcecode.c.objc; path = MShopMemberListViewController.m; sourceTree = "<group>"; };
		AC867DCD1F1D982600694086 /* AFNetworking.framework */ = {isa = PBXFileReference; lastKnownFileType = wrapper.framework; name = AFNetworking.framework; path = Carthage/Build/iOS/AFNetworking.framework; sourceTree = "<group>"; };
		AC867DCE1F1D982600694086 /* FMDB.framework */ = {isa = PBXFileReference; lastKnownFileType = wrapper.framework; name = FMDB.framework; path = Carthage/Build/iOS/FMDB.framework; sourceTree = "<group>"; };
		AC867DCF1F1D982600694086 /* WCDB.framework */ = {isa = PBXFileReference; lastKnownFileType = wrapper.framework; name = WCDB.framework; path = Carthage/Build/iOS/WCDB.framework; sourceTree = "<group>"; };
		AC867DD01F1D982600694086 /* YTKNetwork.framework */ = {isa = PBXFileReference; lastKnownFileType = wrapper.framework; name = YTKNetwork.framework; path = Carthage/Build/iOS/YTKNetwork.framework; sourceTree = "<group>"; };
		AC867DDB1F1D983E00694086 /* AVFoundation.framework */ = {isa = PBXFileReference; lastKnownFileType = wrapper.framework; name = AVFoundation.framework; path = System/Library/Frameworks/AVFoundation.framework; sourceTree = SDKROOT; };
		AC867DDC1F1D983E00694086 /* CoreFoundation.framework */ = {isa = PBXFileReference; lastKnownFileType = wrapper.framework; name = CoreFoundation.framework; path = System/Library/Frameworks/CoreFoundation.framework; sourceTree = SDKROOT; };
		AC867DDD1F1D983E00694086 /* Foundation.framework */ = {isa = PBXFileReference; lastKnownFileType = wrapper.framework; name = Foundation.framework; path = System/Library/Frameworks/Foundation.framework; sourceTree = SDKROOT; };
		AC867DE31F1D990300694086 /* libWXWorkApi.a */ = {isa = PBXFileReference; lastKnownFileType = archive.ar; path = libWXWorkApi.a; sourceTree = "<group>"; };
		AC867DE41F1D990300694086 /* WWKApi.h */ = {isa = PBXFileReference; fileEncoding = 4; lastKnownFileType = sourcecode.c.h; path = WWKApi.h; sourceTree = "<group>"; };
		AC867DE51F1D990300694086 /* WWKApiObject.h */ = {isa = PBXFileReference; fileEncoding = 4; lastKnownFileType = sourcecode.c.h; path = WWKApiObject.h; sourceTree = "<group>"; };
		AC867DEC1F1D997600694086 /* MShopLoginViewController.h */ = {isa = PBXFileReference; fileEncoding = 4; lastKnownFileType = sourcecode.c.h; path = MShopLoginViewController.h; sourceTree = "<group>"; };
		AC867DED1F1D997600694086 /* MShopLoginViewController.mm */ = {isa = PBXFileReference; explicitFileType = sourcecode.cpp.objcpp; fileEncoding = 4; path = MShopLoginViewController.mm; sourceTree = "<group>"; };
		AC867DF11F1D99E600694086 /* MFCategorys.h */ = {isa = PBXFileReference; fileEncoding = 4; lastKnownFileType = sourcecode.c.h; path = MFCategorys.h; sourceTree = "<group>"; };
		AC867DF21F1D99E600694086 /* NSDictionary+Unicode.h */ = {isa = PBXFileReference; fileEncoding = 4; lastKnownFileType = sourcecode.c.h; path = "NSDictionary+Unicode.h"; sourceTree = "<group>"; };
		AC867DF31F1D99E600694086 /* NSDictionary+Unicode.m */ = {isa = PBXFileReference; fileEncoding = 4; lastKnownFileType = sourcecode.c.objc; path = "NSDictionary+Unicode.m"; sourceTree = "<group>"; };
		AC867DF41F1D99E600694086 /* NSString+MMWidth.h */ = {isa = PBXFileReference; fileEncoding = 4; lastKnownFileType = sourcecode.c.h; path = "NSString+MMWidth.h"; sourceTree = "<group>"; };
		AC867DF51F1D99E600694086 /* NSString+MMWidth.m */ = {isa = PBXFileReference; fileEncoding = 4; lastKnownFileType = sourcecode.c.objc; path = "NSString+MMWidth.m"; sourceTree = "<group>"; };
		AC867DF61F1D99E600694086 /* UIView+Extend.h */ = {isa = PBXFileReference; fileEncoding = 4; lastKnownFileType = sourcecode.c.h; path = "UIView+Extend.h"; sourceTree = "<group>"; };
		AC867DF71F1D99E600694086 /* UIView+Extend.m */ = {isa = PBXFileReference; fileEncoding = 4; lastKnownFileType = sourcecode.c.objc; path = "UIView+Extend.m"; sourceTree = "<group>"; };
		AC867DF81F1D99E600694086 /* UIView+threadHook.h */ = {isa = PBXFileReference; fileEncoding = 4; lastKnownFileType = sourcecode.c.h; path = "UIView+threadHook.h"; sourceTree = "<group>"; };
		AC867DF91F1D99E600694086 /* UIView+threadHook.m */ = {isa = PBXFileReference; fileEncoding = 4; lastKnownFileType = sourcecode.c.objc; path = "UIView+threadHook.m"; sourceTree = "<group>"; };
		AC867DFA1F1D99E600694086 /* UIView+viewController.h */ = {isa = PBXFileReference; fileEncoding = 4; lastKnownFileType = sourcecode.c.h; path = "UIView+viewController.h"; sourceTree = "<group>"; };
		AC867DFB1F1D99E600694086 /* UIView+viewController.m */ = {isa = PBXFileReference; fileEncoding = 4; lastKnownFileType = sourcecode.c.objc; path = "UIView+viewController.m"; sourceTree = "<group>"; };
		AC867DFC1F1D99E600694086 /* UIViewController+FixBackIndicatorImage.h */ = {isa = PBXFileReference; fileEncoding = 4; lastKnownFileType = sourcecode.c.h; path = "UIViewController+FixBackIndicatorImage.h"; sourceTree = "<group>"; };
		AC867DFD1F1D99E600694086 /* UIViewController+FixBackIndicatorImage.m */ = {isa = PBXFileReference; fileEncoding = 4; lastKnownFileType = sourcecode.c.objc; path = "UIViewController+FixBackIndicatorImage.m"; sourceTree = "<group>"; };
		AC867DFE1F1D99E600694086 /* UIViewController+FullScreen.h */ = {isa = PBXFileReference; fileEncoding = 4; lastKnownFileType = sourcecode.c.h; path = "UIViewController+FullScreen.h"; sourceTree = "<group>"; };
		AC867DFF1F1D99E600694086 /* UIViewController+FullScreen.m */ = {isa = PBXFileReference; fileEncoding = 4; lastKnownFileType = sourcecode.c.objc; path = "UIViewController+FullScreen.m"; sourceTree = "<group>"; };
		AC867E001F1D99E600694086 /* UIViewController+pregress.h */ = {isa = PBXFileReference; fileEncoding = 4; lastKnownFileType = sourcecode.c.h; path = "UIViewController+pregress.h"; sourceTree = "<group>"; };
		AC867E011F1D99E600694086 /* UIViewController+pregress.m */ = {isa = PBXFileReference; fileEncoding = 4; lastKnownFileType = sourcecode.c.objc; path = "UIViewController+pregress.m"; sourceTree = "<group>"; };
		AC867E021F1D99E600694086 /* UIViewController+UINavigationItem.h */ = {isa = PBXFileReference; fileEncoding = 4; lastKnownFileType = sourcecode.c.h; path = "UIViewController+UINavigationItem.h"; sourceTree = "<group>"; };
		AC867E031F1D99E600694086 /* UIViewController+UINavigationItem.m */ = {isa = PBXFileReference; fileEncoding = 4; lastKnownFileType = sourcecode.c.objc; path = "UIViewController+UINavigationItem.m"; sourceTree = "<group>"; };
		AC867E051F1D99E600694086 /* MFMultiMenuTableViewCell.h */ = {isa = PBXFileReference; fileEncoding = 4; lastKnownFileType = sourcecode.c.h; path = MFMultiMenuTableViewCell.h; sourceTree = "<group>"; };
		AC867E061F1D99E600694086 /* MFMultiMenuTableViewCell.m */ = {isa = PBXFileReference; fileEncoding = 4; lastKnownFileType = sourcecode.c.objc; path = MFMultiMenuTableViewCell.m; sourceTree = "<group>"; };
		AC867E071F1D99E600694086 /* MFTableViewCell.h */ = {isa = PBXFileReference; fileEncoding = 4; lastKnownFileType = sourcecode.c.h; path = MFTableViewCell.h; sourceTree = "<group>"; };
		AC867E081F1D99E600694086 /* MFTableViewCell.m */ = {isa = PBXFileReference; fileEncoding = 4; lastKnownFileType = sourcecode.c.objc; path = MFTableViewCell.m; sourceTree = "<group>"; };
		AC867E091F1D99E600694086 /* MFUIButton.h */ = {isa = PBXFileReference; fileEncoding = 4; lastKnownFileType = sourcecode.c.h; path = MFUIButton.h; sourceTree = "<group>"; };
		AC867E0A1F1D99E600694086 /* MFUIButton.m */ = {isa = PBXFileReference; fileEncoding = 4; lastKnownFileType = sourcecode.c.objc; path = MFUIButton.m; sourceTree = "<group>"; };
		AC867E0B1F1D99E600694086 /* MFUICollectionView.h */ = {isa = PBXFileReference; fileEncoding = 4; lastKnownFileType = sourcecode.c.h; path = MFUICollectionView.h; sourceTree = "<group>"; };
		AC867E0C1F1D99E600694086 /* MFUICollectionView.m */ = {isa = PBXFileReference; fileEncoding = 4; lastKnownFileType = sourcecode.c.objc; path = MFUICollectionView.m; sourceTree = "<group>"; };
		AC867E0D1F1D99E600694086 /* MFUITableView.h */ = {isa = PBXFileReference; fileEncoding = 4; lastKnownFileType = sourcecode.c.h; path = MFUITableView.h; sourceTree = "<group>"; };
		AC867E0E1F1D99E600694086 /* MFUITableView.m */ = {isa = PBXFileReference; fileEncoding = 4; lastKnownFileType = sourcecode.c.objc; path = MFUITableView.m; sourceTree = "<group>"; };
		AC867E0F1F1D99E600694086 /* MMBaseClass.h */ = {isa = PBXFileReference; fileEncoding = 4; lastKnownFileType = sourcecode.c.h; path = MMBaseClass.h; sourceTree = "<group>"; };
		AC867E101F1D99E600694086 /* MMBaseInfoItem.h */ = {isa = PBXFileReference; fileEncoding = 4; lastKnownFileType = sourcecode.c.h; path = MMBaseInfoItem.h; sourceTree = "<group>"; };
		AC867E111F1D99E600694086 /* MMBaseInfoItem.m */ = {isa = PBXFileReference; fileEncoding = 4; lastKnownFileType = sourcecode.c.objc; path = MMBaseInfoItem.m; sourceTree = "<group>"; };
		AC867E121F1D99E600694086 /* MMBaseTextFieldItem.h */ = {isa = PBXFileReference; fileEncoding = 4; lastKnownFileType = sourcecode.c.h; path = MMBaseTextFieldItem.h; sourceTree = "<group>"; };
		AC867E131F1D99E600694086 /* MMBaseTextFieldItem.m */ = {isa = PBXFileReference; fileEncoding = 4; lastKnownFileType = sourcecode.c.objc; path = MMBaseTextFieldItem.m; sourceTree = "<group>"; };
		AC867E141F1D99E600694086 /* MMNavigationController.h */ = {isa = PBXFileReference; fileEncoding = 4; lastKnownFileType = sourcecode.c.h; path = MMNavigationController.h; sourceTree = "<group>"; };
		AC867E151F1D99E600694086 /* MMNavigationController.m */ = {isa = PBXFileReference; fileEncoding = 4; lastKnownFileType = sourcecode.c.objc; path = MMNavigationController.m; sourceTree = "<group>"; };
		AC867E161F1D99E600694086 /* MMObject.h */ = {isa = PBXFileReference; fileEncoding = 4; lastKnownFileType = sourcecode.c.h; path = MMObject.h; sourceTree = "<group>"; };
		AC867E171F1D99E600694086 /* MMObject.m */ = {isa = PBXFileReference; fileEncoding = 4; lastKnownFileType = sourcecode.c.objc; path = MMObject.m; sourceTree = "<group>"; };
		AC867E181F1D99E600694086 /* MMOnePixLayoutConstraint.h */ = {isa = PBXFileReference; fileEncoding = 4; lastKnownFileType = sourcecode.c.h; path = MMOnePixLayoutConstraint.h; sourceTree = "<group>"; };
		AC867E191F1D99E600694086 /* MMOnePixLayoutConstraint.m */ = {isa = PBXFileReference; fileEncoding = 4; lastKnownFileType = sourcecode.c.objc; path = MMOnePixLayoutConstraint.m; sourceTree = "<group>"; };
		AC867E1A1F1D99E600694086 /* MMSelectButton.h */ = {isa = PBXFileReference; fileEncoding = 4; lastKnownFileType = sourcecode.c.h; path = MMSelectButton.h; sourceTree = "<group>"; };
		AC867E1B1F1D99E600694086 /* MMSelectButton.m */ = {isa = PBXFileReference; fileEncoding = 4; lastKnownFileType = sourcecode.c.objc; path = MMSelectButton.m; sourceTree = "<group>"; };
		AC867E1C1F1D99E600694086 /* MMUIBridgeView.h */ = {isa = PBXFileReference; fileEncoding = 4; lastKnownFileType = sourcecode.c.h; path = MMUIBridgeView.h; sourceTree = "<group>"; };
		AC867E1D1F1D99E600694086 /* MMUIBridgeView.m */ = {isa = PBXFileReference; fileEncoding = 4; lastKnownFileType = sourcecode.c.objc; path = MMUIBridgeView.m; sourceTree = "<group>"; };
		AC867E1E1F1D99E600694086 /* MMUINavigationBar.h */ = {isa = PBXFileReference; fileEncoding = 4; lastKnownFileType = sourcecode.c.h; path = MMUINavigationBar.h; sourceTree = "<group>"; };
		AC867E1F1F1D99E600694086 /* MMUINavigationBar.m */ = {isa = PBXFileReference; fileEncoding = 4; lastKnownFileType = sourcecode.c.objc; path = MMUINavigationBar.m; sourceTree = "<group>"; };
		AC867E201F1D99E600694086 /* MMUITextField.h */ = {isa = PBXFileReference; fileEncoding = 4; lastKnownFileType = sourcecode.c.h; path = MMUITextField.h; sourceTree = "<group>"; };
		AC867E211F1D99E600694086 /* MMUITextField.m */ = {isa = PBXFileReference; fileEncoding = 4; lastKnownFileType = sourcecode.c.objc; path = MMUITextField.m; sourceTree = "<group>"; };
		AC867E221F1D99E600694086 /* MMUIView.h */ = {isa = PBXFileReference; fileEncoding = 4; lastKnownFileType = sourcecode.c.h; path = MMUIView.h; sourceTree = "<group>"; };
		AC867E231F1D99E600694086 /* MMUIView.m */ = {isa = PBXFileReference; fileEncoding = 4; lastKnownFileType = sourcecode.c.objc; path = MMUIView.m; sourceTree = "<group>"; };
		AC867E241F1D99E600694086 /* MMViewController.h */ = {isa = PBXFileReference; fileEncoding = 4; lastKnownFileType = sourcecode.c.h; path = MMViewController.h; sourceTree = "<group>"; };
		AC867E251F1D99E600694086 /* MMViewController.m */ = {isa = PBXFileReference; fileEncoding = 4; lastKnownFileType = sourcecode.c.objc; path = MMViewController.m; sourceTree = "<group>"; };
		AC867E261F1D99E600694086 /* UINavigationBar+MMUINavigationBar.h */ = {isa = PBXFileReference; fileEncoding = 4; lastKnownFileType = sourcecode.c.h; path = "UINavigationBar+MMUINavigationBar.h"; sourceTree = "<group>"; };
		AC867E271F1D99E600694086 /* UINavigationBar+MMUINavigationBar.m */ = {isa = PBXFileReference; fileEncoding = 4; lastKnownFileType = sourcecode.c.objc; path = "UINavigationBar+MMUINavigationBar.m"; sourceTree = "<group>"; };
		AC867E291F1D99E600694086 /* MFModelHelper.h */ = {isa = PBXFileReference; fileEncoding = 4; lastKnownFileType = sourcecode.c.h; path = MFModelHelper.h; sourceTree = "<group>"; };
		AC867E2A1F1D99E600694086 /* MFModelHelper.m */ = {isa = PBXFileReference; fileEncoding = 4; lastKnownFileType = sourcecode.c.objc; path = MFModelHelper.m; sourceTree = "<group>"; };
		AC867E2B1F1D99E600694086 /* MFThemeHelper.h */ = {isa = PBXFileReference; fileEncoding = 4; lastKnownFileType = sourcecode.c.h; path = MFThemeHelper.h; sourceTree = "<group>"; };
		AC867E2C1F1D99E600694086 /* MFThemeHelper.m */ = {isa = PBXFileReference; fileEncoding = 4; lastKnownFileType = sourcecode.c.objc; path = MFThemeHelper.m; sourceTree = "<group>"; };
		AC867E301F1D99E600694086 /* MFTableViewCellInfo.h */ = {isa = PBXFileReference; fileEncoding = 4; lastKnownFileType = sourcecode.c.h; path = MFTableViewCellInfo.h; sourceTree = "<group>"; };
		AC867E311F1D99E600694086 /* MFTableViewCellInfo.m */ = {isa = PBXFileReference; fileEncoding = 4; lastKnownFileType = sourcecode.c.objc; path = MFTableViewCellInfo.m; sourceTree = "<group>"; };
		AC867E321F1D99E600694086 /* MFTableViewInfo.h */ = {isa = PBXFileReference; fileEncoding = 4; lastKnownFileType = sourcecode.c.h; path = MFTableViewInfo.h; sourceTree = "<group>"; };
		AC867E331F1D99E600694086 /* MFTableViewInfo.m */ = {isa = PBXFileReference; fileEncoding = 4; lastKnownFileType = sourcecode.c.objc; path = MFTableViewInfo.m; sourceTree = "<group>"; };
		AC867E341F1D99E600694086 /* MFTableViewSectionInfo.h */ = {isa = PBXFileReference; fileEncoding = 4; lastKnownFileType = sourcecode.c.h; path = MFTableViewSectionInfo.h; sourceTree = "<group>"; };
		AC867E351F1D99E600694086 /* MFTableViewSectionInfo.m */ = {isa = PBXFileReference; fileEncoding = 4; lastKnownFileType = sourcecode.c.objc; path = MFTableViewSectionInfo.m; sourceTree = "<group>"; };
		AC867E361F1D99E600694086 /* MFTableViewUserInfo.h */ = {isa = PBXFileReference; fileEncoding = 4; lastKnownFileType = sourcecode.c.h; path = MFTableViewUserInfo.h; sourceTree = "<group>"; };
		AC867E371F1D99E600694086 /* MFTableViewUserInfo.m */ = {isa = PBXFileReference; fileEncoding = 4; lastKnownFileType = sourcecode.c.objc; path = MFTableViewUserInfo.m; sourceTree = "<group>"; };
		AC867E391F1D99E600694086 /* MMTabBarController.h */ = {isa = PBXFileReference; fileEncoding = 4; lastKnownFileType = sourcecode.c.h; path = MMTabBarController.h; sourceTree = "<group>"; };
		AC867E3A1F1D99E600694086 /* MMTabBarController.m */ = {isa = PBXFileReference; fileEncoding = 4; lastKnownFileType = sourcecode.c.objc; path = MMTabBarController.m; sourceTree = "<group>"; };
		AC867E3C1F1D99E600694086 /* MFStringUtil.h */ = {isa = PBXFileReference; fileEncoding = 4; lastKnownFileType = sourcecode.c.h; path = MFStringUtil.h; sourceTree = "<group>"; };
		AC867E3D1F1D99E600694086 /* MFStringUtil.m */ = {isa = PBXFileReference; fileEncoding = 4; lastKnownFileType = sourcecode.c.objc; path = MFStringUtil.m; sourceTree = "<group>"; };
		AC867E601F1D9AA300694086 /* EShop-pch.pch */ = {isa = PBXFileReference; fileEncoding = 4; lastKnownFileType = sourcecode.c.h; path = "EShop-pch.pch"; sourceTree = "<group>"; };
		AC867E621F1D9BB400694086 /* NSObject+YYModel.h */ = {isa = PBXFileReference; fileEncoding = 4; lastKnownFileType = sourcecode.c.h; path = "NSObject+YYModel.h"; sourceTree = "<group>"; };
		AC867E631F1D9BB400694086 /* NSObject+YYModel.m */ = {isa = PBXFileReference; fileEncoding = 4; lastKnownFileType = sourcecode.c.objc; path = "NSObject+YYModel.m"; sourceTree = "<group>"; };
		AC867E641F1D9BB400694086 /* YYClassInfo.h */ = {isa = PBXFileReference; fileEncoding = 4; lastKnownFileType = sourcecode.c.h; path = YYClassInfo.h; sourceTree = "<group>"; };
		AC867E651F1D9BB400694086 /* YYClassInfo.m */ = {isa = PBXFileReference; fileEncoding = 4; lastKnownFileType = sourcecode.c.objc; path = YYClassInfo.m; sourceTree = "<group>"; };
		AC867E661F1D9BB400694086 /* YYModel.h */ = {isa = PBXFileReference; fileEncoding = 4; lastKnownFileType = sourcecode.c.h; path = YYModel.h; sourceTree = "<group>"; };
		AC867E691F1D9BB400694086 /* LYSideslipCell.h */ = {isa = PBXFileReference; fileEncoding = 4; lastKnownFileType = sourcecode.c.h; path = LYSideslipCell.h; sourceTree = "<group>"; };
		AC867E6A1F1D9BB400694086 /* LYSideslipCell.m */ = {isa = PBXFileReference; fileEncoding = 4; lastKnownFileType = sourcecode.c.objc; path = LYSideslipCell.m; sourceTree = "<group>"; };
		AC867E6B1F1D9BB400694086 /* MFVendors.h */ = {isa = PBXFileReference; fileEncoding = 4; lastKnownFileType = sourcecode.c.h; name = MFVendors.h; path = Vendors/MFVendors.h; sourceTree = "<group>"; };
		AC867E6D1F1D9BB400694086 /* HexColors.h */ = {isa = PBXFileReference; fileEncoding = 4; lastKnownFileType = sourcecode.c.h; path = HexColors.h; sourceTree = "<group>"; };
		AC867E6E1F1D9BB400694086 /* HexColors.m */ = {isa = PBXFileReference; fileEncoding = 4; lastKnownFileType = sourcecode.c.objc; path = HexColors.m; sourceTree = "<group>"; };
		AC867E701F1D9BB400694086 /* XXNibBridge.h */ = {isa = PBXFileReference; fileEncoding = 4; lastKnownFileType = sourcecode.c.h; path = XXNibBridge.h; sourceTree = "<group>"; };
		AC867E711F1D9BB400694086 /* XXNibBridge.m */ = {isa = PBXFileReference; fileEncoding = 4; lastKnownFileType = sourcecode.c.objc; path = XXNibBridge.m; sourceTree = "<group>"; };
		AC867E721F1D9BB400694086 /* XXNibConvention.h */ = {isa = PBXFileReference; fileEncoding = 4; lastKnownFileType = sourcecode.c.h; path = XXNibConvention.h; sourceTree = "<group>"; };
		AC867E731F1D9BB400694086 /* XXNibConvention.m */ = {isa = PBXFileReference; fileEncoding = 4; lastKnownFileType = sourcecode.c.objc; path = XXNibConvention.m; sourceTree = "<group>"; };
		AC867E7B1F1D9C2A00694086 /* MFColorUtil.h */ = {isa = PBXFileReference; fileEncoding = 4; lastKnownFileType = sourcecode.c.h; path = MFColorUtil.h; sourceTree = "<group>"; };
		AC867E7C1F1D9C2A00694086 /* MFUICommonUtil.h */ = {isa = PBXFileReference; fileEncoding = 4; lastKnownFileType = sourcecode.c.h; path = MFUICommonUtil.h; sourceTree = "<group>"; };
		AC867E7E1F1D9CBB00694086 /* MBProgressHUD.h */ = {isa = PBXFileReference; fileEncoding = 4; lastKnownFileType = sourcecode.c.h; path = MBProgressHUD.h; sourceTree = "<group>"; };
		AC867E7F1F1D9CBB00694086 /* MBProgressHUD.m */ = {isa = PBXFileReference; fileEncoding = 4; lastKnownFileType = sourcecode.c.objc; path = MBProgressHUD.m; sourceTree = "<group>"; };
		AC867E8B1F1DB32800694086 /* MFFramework.h */ = {isa = PBXFileReference; fileEncoding = 4; lastKnownFileType = sourcecode.c.h; path = MFFramework.h; sourceTree = "<group>"; };
		AC867E8E1F1DB32800694086 /* HYBNetworking.h */ = {isa = PBXFileReference; fileEncoding = 4; lastKnownFileType = sourcecode.c.h; path = HYBNetworking.h; sourceTree = "<group>"; };
		AC867E8F1F1DB32800694086 /* HYBNetworking.m */ = {isa = PBXFileReference; fileEncoding = 4; lastKnownFileType = sourcecode.c.objc; path = HYBNetworking.m; sourceTree = "<group>"; };
		AC867E901F1DB32800694086 /* MFNetwork.h */ = {isa = PBXFileReference; fileEncoding = 4; lastKnownFileType = sourcecode.c.h; path = MFNetwork.h; sourceTree = "<group>"; };
		AC867E911F1DB32800694086 /* MFNetwork.m */ = {isa = PBXFileReference; fileEncoding = 4; lastKnownFileType = sourcecode.c.objc; path = MFNetwork.m; sourceTree = "<group>"; };
		AC867E921F1DB32800694086 /* MFNetworkRequest.h */ = {isa = PBXFileReference; fileEncoding = 4; lastKnownFileType = sourcecode.c.h; path = MFNetworkRequest.h; sourceTree = "<group>"; };
		AC867E931F1DB32800694086 /* MFNetworkRequest.m */ = {isa = PBXFileReference; fileEncoding = 4; lastKnownFileType = sourcecode.c.objc; path = MFNetworkRequest.m; sourceTree = "<group>"; };
		AC867EDF1F1DB55600694086 /* MMService.h */ = {isa = PBXFileReference; fileEncoding = 4; lastKnownFileType = sourcecode.c.h; path = MMService.h; sourceTree = "<group>"; };
		AC867EE01F1DB55600694086 /* MMService.m */ = {isa = PBXFileReference; fileEncoding = 4; lastKnownFileType = sourcecode.c.objc; path = MMService.m; sourceTree = "<group>"; };
		AC867EE11F1DB55600694086 /* MMServiceCenter.h */ = {isa = PBXFileReference; fileEncoding = 4; lastKnownFileType = sourcecode.c.h; path = MMServiceCenter.h; sourceTree = "<group>"; };
		AC867EE21F1DB55600694086 /* MMServiceCenter.m */ = {isa = PBXFileReference; fileEncoding = 4; lastKnownFileType = sourcecode.c.objc; path = MMServiceCenter.m; sourceTree = "<group>"; };
		AC867EF11F1DD4EA00694086 /* MShopSSOReqAttachObject.h */ = {isa = PBXFileReference; fileEncoding = 4; lastKnownFileType = sourcecode.c.h; path = MShopSSOReqAttachObject.h; sourceTree = "<group>"; };
		AC867EF21F1DD4EA00694086 /* MShopSSOReqAttachObject.m */ = {isa = PBXFileReference; fileEncoding = 4; lastKnownFileType = sourcecode.c.objc; path = MShopSSOReqAttachObject.m; sourceTree = "<group>"; };
		AC867EF51F1DF24100694086 /* YTKAnimatingRequestAccessory.h */ = {isa = PBXFileReference; fileEncoding = 4; lastKnownFileType = sourcecode.c.h; path = YTKAnimatingRequestAccessory.h; sourceTree = "<group>"; };
		AC867EF61F1DF24100694086 /* YTKAnimatingRequestAccessory.m */ = {isa = PBXFileReference; fileEncoding = 4; lastKnownFileType = sourcecode.c.objc; path = YTKAnimatingRequestAccessory.m; sourceTree = "<group>"; };
		AC867EF71F1DF24100694086 /* YTKBaseRequest+AnimatingAccessory.h */ = {isa = PBXFileReference; fileEncoding = 4; lastKnownFileType = sourcecode.c.h; path = "YTKBaseRequest+AnimatingAccessory.h"; sourceTree = "<group>"; };
		AC867EF81F1DF24100694086 /* YTKBaseRequest+AnimatingAccessory.m */ = {isa = PBXFileReference; fileEncoding = 4; lastKnownFileType = sourcecode.c.objc; path = "YTKBaseRequest+AnimatingAccessory.m"; sourceTree = "<group>"; };
		AC867EF91F1DF24100694086 /* YTKBatchRequest+AnimatingAccessory.h */ = {isa = PBXFileReference; fileEncoding = 4; lastKnownFileType = sourcecode.c.h; path = "YTKBatchRequest+AnimatingAccessory.h"; sourceTree = "<group>"; };
		AC867EFA1F1DF24100694086 /* YTKBatchRequest+AnimatingAccessory.m */ = {isa = PBXFileReference; fileEncoding = 4; lastKnownFileType = sourcecode.c.objc; path = "YTKBatchRequest+AnimatingAccessory.m"; sourceTree = "<group>"; };
		AC867EFB1F1DF24100694086 /* YTKChainRequest+AnimatingAccessory.h */ = {isa = PBXFileReference; fileEncoding = 4; lastKnownFileType = sourcecode.c.h; path = "YTKChainRequest+AnimatingAccessory.h"; sourceTree = "<group>"; };
		AC867EFC1F1DF24100694086 /* YTKChainRequest+AnimatingAccessory.m */ = {isa = PBXFileReference; fileEncoding = 4; lastKnownFileType = sourcecode.c.objc; path = "YTKChainRequest+AnimatingAccessory.m"; sourceTree = "<group>"; };
		AC867F011F1E00DA00694086 /* MShopLoginUserInfo.h */ = {isa = PBXFileReference; explicitFileType = sourcecode.c.objc.preprocessed; fileEncoding = 4; path = MShopLoginUserInfo.h; sourceTree = "<group>"; };
		AC867F021F1E00DA00694086 /* MShopLoginUserInfo.m */ = {isa = PBXFileReference; explicitFileType = sourcecode.c.objc; fileEncoding = 4; path = MShopLoginUserInfo.m; sourceTree = "<group>"; };
/* End PBXFileReference section */

/* Begin PBXFrameworksBuildPhase section */
		AC6670A01F0B25C00067F6EE /* Frameworks */ = {
			isa = PBXFrameworksBuildPhase;
			buildActionMask = 2147483647;
			files = (
				AC867DE61F1D990300694086 /* libWXWorkApi.a in Frameworks */,
				AC867DDE1F1D983E00694086 /* AVFoundation.framework in Frameworks */,
				AC867DDF1F1D983E00694086 /* CoreFoundation.framework in Frameworks */,
				AC867DE01F1D983E00694086 /* Foundation.framework in Frameworks */,
				AC7E3F721F2580760035E3DC /* SCLAlertViewFramework.framework in Frameworks */,
				AC867DD31F1D982600694086 /* FMDB.framework in Frameworks */,
				AC867DD51F1D982600694086 /* WCDB.framework in Frameworks */,
				AC867DD71F1D982600694086 /* YTKNetwork.framework in Frameworks */,
				AC7398F81F218FA500F753C2 /* SDWebImage.framework in Frameworks */,
				AC867DD11F1D982600694086 /* AFNetworking.framework in Frameworks */,
			);
			runOnlyForDeploymentPostprocessing = 0;
		};
/* End PBXFrameworksBuildPhase section */

/* Begin PBXGroup section */
		AC66709A1F0B25C00067F6EE = {
			isa = PBXGroup;
			children = (
				AC6670A51F0B25C00067F6EE /* EekaMShop */,
				AC867DDA1F1D983E00694086 /* Frameworks */,
				AC6670A41F0B25C00067F6EE /* Products */,
			);
			sourceTree = "<group>";
		};
		AC6670A41F0B25C00067F6EE /* Products */ = {
			isa = PBXGroup;
			children = (
				AC6670A31F0B25C00067F6EE /* EekaMShop.app */,
			);
			name = Products;
			sourceTree = "<group>";
		};
		AC6670A51F0B25C00067F6EE /* EekaMShop */ = {
			isa = PBXGroup;
			children = (
				AC6670A91F0B25C00067F6EE /* MShopAppDelegate.h */,
				AC6670AA1F0B25C00067F6EE /* MShopAppDelegate.mm */,
				AC867DEA1F1D997600694086 /* Module */,
				AC867E8A1F1DB32800694086 /* MFFramework */,
				AC867EDD1F1DB4D800694086 /* Models */,
				AC867E7A1F1D9C2A00694086 /* Macro */,
				AC867DEF1F1D99E600694086 /* General */,
				AC867DE11F1D990300694086 /* Vendors */,
				AC867E6B1F1D9BB400694086 /* MFVendors.h */,
				AC6670B21F0B25C00067F6EE /* Assets.xcassets */,
				AC6670AF1F0B25C00067F6EE /* Main.storyboard */,
				AC6670B41F0B25C00067F6EE /* LaunchScreen.storyboard */,
				AC867E601F1D9AA300694086 /* EShop-pch.pch */,
				AC6670B71F0B25C00067F6EE /* Info.plist */,
				AC6670A61F0B25C00067F6EE /* Supporting Files */,
			);
			path = EekaMShop;
			sourceTree = "<group>";
		};
		AC6670A61F0B25C00067F6EE /* Supporting Files */ = {
			isa = PBXGroup;
			children = (
				AC6670A71F0B25C00067F6EE /* main.m */,
			);
			name = "Supporting Files";
			sourceTree = "<group>";
		};
		AC7C28491F203E6D003C0C4C /* API */ = {
			isa = PBXGroup;
			children = (
				AC7C284A1F203E6D003C0C4C /* MShopApiManger.h */,
				AC7C284B1F203E6D003C0C4C /* MShopApiManger.m */,
				AC7FBD7D1F27443100B11D5C /* MShopIndividualConsumptionApi.h */,
				AC7FBD7E1F27443100B11D5C /* MShopIndividualConsumptionApi.m */,
				AC7FBD731F2735E100B11D5C /* MShopSearchIndividualApi.h */,
				AC7FBD741F2735E100B11D5C /* MShopSearchIndividualApi.m */,
				AC7FBD621F26DB2F00B11D5C /* MShopGetIndividualApi.h */,
				AC7FBD631F26DB2F00B11D5C /* MShopGetIndividualApi.m */,
				AC7398FA1F21936800F753C2 /* MShopGetEmployeeListApi.h */,
				AC7398FB1F21936800F753C2 /* MShopGetEmployeeListApi.m */,
				AC7398FD1F21A33700F753C2 /* MShopGetMemberListApi.h */,
				AC7398FE1F21A33700F753C2 /* MShopGetMemberListApi.m */,
				AC7E3F801F25CF420035E3DC /* MShopIndividualModifyApi.h */,
				AC7E3F811F25CF420035E3DC /* MShopIndividualModifyApi.m */,
				AC7C284C1F203E6D003C0C4C /* MShopLoginApi.h */,
				AC7C284D1F203E6D003C0C4C /* MShopLoginApi.m */,
				AC7399031F21DCF500F753C2 /* MShopUserIdLoginApi.h */,
				AC7399041F21DCF500F753C2 /* MShopUserIdLoginApi.m */,
			);
			path = API;
			sourceTree = "<group>";
		};
		AC7C284E1F203E6D003C0C4C /* Service */ = {
			isa = PBXGroup;
			children = (
				AC7C284F1F203E6D003C0C4C /* MShopLoginService.h */,
				AC7C28501F203E6D003C0C4C /* MShopLoginService.mm */,
				AC7C28621F20B01E003C0C4C /* MFNetWorkAgent.h */,
				AC7C28631F20B01E003C0C4C /* MFNetWorkAgent.m */,
			);
			path = Service;
			sourceTree = "<group>";
		};
		AC7E3F741F2598DD0035E3DC /* FDFullscreenPopGesture */ = {
			isa = PBXGroup;
			children = (
				AC7E3F751F2598DD0035E3DC /* UINavigationController+FDFullscreenPopGesture.h */,
				AC7E3F761F2598DD0035E3DC /* UINavigationController+FDFullscreenPopGesture.m */,
			);
			path = FDFullscreenPopGesture;
			sourceTree = "<group>";
		};
		AC7FBD651F26F34100B11D5C /* MShop */ = {
			isa = PBXGroup;
			children = (
			);
			path = MShop;
			sourceTree = "<group>";
		};
		AC7FBD761F2741B300B11D5C /* MMSearchBar */ = {
			isa = PBXGroup;
			children = (
				AC7FBD771F2741B300B11D5C /* MMSearchBarDisplayController.h */,
				AC7FBD781F2741B300B11D5C /* MMSearchBarDisplayController.m */,
				AC7FBD791F2741B300B11D5C /* MMUISearchBar.h */,
				AC7FBD7A1F2741B300B11D5C /* MMUISearchBar.m */,
			);
			path = MMSearchBar;
			sourceTree = "<group>";
		};
		AC85C21F1F1F2F5C003785A4 /* MainFrame */ = {
			isa = PBXGroup;
			children = (
				AC85C2201F1F2F7B003785A4 /* MShopMainFrameViewController.h */,
				AC85C2211F1F2F7B003785A4 /* MShopMainFrameViewController.m */,
				AC7C28651F20B33F003C0C4C /* MShopMainFrameLogicController.h */,
				AC7C28661F20B33F003C0C4C /* MShopMainFrameLogicController.m */,
				AC85C22A1F1F5943003785A4 /* MShopMemberListViewController.h */,
				AC85C22B1F1F5943003785A4 /* MShopMemberListViewController.m */,
				AC2547B61F24ABEC00F54829 /* MShopMemberDetailViewController.h */,
				AC2547B71F24ABEC00F54829 /* MShopMemberDetailViewController.m */,
				AC7E3F831F25DB270035E3DC /* MShopMemberProfileCellView.h */,
				AC7E3F841F25DB270035E3DC /* MShopMemberProfileCellView.m */,
				AC7E3F861F25DB650035E3DC /* MShopMemberProfileCellView.xib */,
				AC7399061F21E67500F753C2 /* MShopMemberListCellView.h */,
				AC7399071F21E67500F753C2 /* MShopMemberListCellView.m */,
				AC7399091F21E68C00F753C2 /* MShopMemberListCellView.xib */,
				AC7E3F781F25C3130035E3DC /* MShopEmployeeListViewController.h */,
				AC7E3F791F25C3130035E3DC /* MShopEmployeeListViewController.m */,
				AC7E3F7B1F25CA560035E3DC /* MShopEmployeeInfoCellView.h */,
				AC7E3F7C1F25CA560035E3DC /* MShopEmployeeInfoCellView.m */,
				AC7E3F7E1F25CBB60035E3DC /* MShopEmployeeInfoCellView.xib */,
				AC7C28681F20B540003C0C4C /* MShop_MainFrame.storyboard */,
			);
			path = MainFrame;
			sourceTree = "<group>";
		};
		AC85C2261F1F5415003785A4 /* Me */ = {
			isa = PBXGroup;
			children = (
				AC85C2271F1F542F003785A4 /* MShopMeViewController.h */,
				AC85C2281F1F542F003785A4 /* MShopMeViewController.mm */,
				AC7C28571F209509003C0C4C /* Mshop_Me.storyboard */,
			);
			path = Me;
			sourceTree = "<group>";
		};
		AC867DDA1F1D983E00694086 /* Frameworks */ = {
			isa = PBXGroup;
			children = (
				AC7E3F711F2580760035E3DC /* SCLAlertViewFramework.framework */,
				AC7398F71F218FA500F753C2 /* SDWebImage.framework */,
				AC867DCD1F1D982600694086 /* AFNetworking.framework */,
				AC867DCE1F1D982600694086 /* FMDB.framework */,
				AC867DCF1F1D982600694086 /* WCDB.framework */,
				AC867DD01F1D982600694086 /* YTKNetwork.framework */,
				AC867DDB1F1D983E00694086 /* AVFoundation.framework */,
				AC867DDC1F1D983E00694086 /* CoreFoundation.framework */,
				AC867DDD1F1D983E00694086 /* Foundation.framework */,
			);
			name = Frameworks;
			sourceTree = "<group>";
		};
		AC867DE11F1D990300694086 /* Vendors */ = {
			isa = PBXGroup;
			children = (
				AC7E3F741F2598DD0035E3DC /* FDFullscreenPopGesture */,
				AC867E7D1F1D9CBB00694086 /* MBProgressHUD */,
				AC867E611F1D9BB400694086 /* YYModel */,
				AC867E671F1D9BB400694086 /* LYSideslipCell */,
				AC867E6C1F1D9BB400694086 /* HexColors */,
				AC867E6F1F1D9BB400694086 /* XXNibBridge */,
				AC867DE21F1D990300694086 /* WWK */,
			);
			path = Vendors;
			sourceTree = "<group>";
		};
		AC867DE21F1D990300694086 /* WWK */ = {
			isa = PBXGroup;
			children = (
				AC867DE31F1D990300694086 /* libWXWorkApi.a */,
				AC867DE41F1D990300694086 /* WWKApi.h */,
				AC867DE51F1D990300694086 /* WWKApiObject.h */,
			);
			path = WWK;
			sourceTree = "<group>";
		};
		AC867DEA1F1D997600694086 /* Module */ = {
			isa = PBXGroup;
			children = (
				AC85C21F1F1F2F5C003785A4 /* MainFrame */,
				AC85C2261F1F5415003785A4 /* Me */,
				AC867DEB1F1D997600694086 /* Login */,
				AC85C2231F1F52BC003785A4 /* MShopAppViewControllerManager.h */,
				AC85C2241F1F52BC003785A4 /* MShopAppViewControllerManager.mm */,
			);
			path = Module;
			sourceTree = "<group>";
		};
		AC867DEB1F1D997600694086 /* Login */ = {
			isa = PBXGroup;
			children = (
				AC867DEC1F1D997600694086 /* MShopLoginViewController.h */,
				AC867DED1F1D997600694086 /* MShopLoginViewController.mm */,
			);
			path = Login;
			sourceTree = "<group>";
		};
		AC867DEF1F1D99E600694086 /* General */ = {
			isa = PBXGroup;
			children = (
				AC7FBD761F2741B300B11D5C /* MMSearchBar */,
				AC7FBD651F26F34100B11D5C /* MShop */,
				AC867E2F1F1D99E600694086 /* MFTableView */,
				AC867EDE1F1DB55600694086 /* Service */,
				AC867DF01F1D99E600694086 /* Category */,
				AC867E041F1D99E600694086 /* Class */,
				AC867E281F1D99E600694086 /* Helper */,
				AC867E2D1F1D99E600694086 /* MFKeyBoardView */,
				AC867E2E1F1D99E600694086 /* MFNumberKeyBoard */,
				AC867E381F1D99E600694086 /* MMTabBarController */,
				AC867E3B1F1D99E600694086 /* Util */,
			);
			path = General;
			sourceTree = "<group>";
		};
		AC867DF01F1D99E600694086 /* Category */ = {
			isa = PBXGroup;
			children = (
				AC867DF11F1D99E600694086 /* MFCategorys.h */,
				AC867DF21F1D99E600694086 /* NSDictionary+Unicode.h */,
				AC867DF31F1D99E600694086 /* NSDictionary+Unicode.m */,
				AC73990E1F21FBAF00F753C2 /* NSMutableDictionary+SafeInsert.h */,
				AC73990F1F21FBAF00F753C2 /* NSMutableDictionary+SafeInsert.m */,
				AC73990B1F21FB8D00F753C2 /* NSMutableArray+SafeInsert.h */,
				AC73990C1F21FB8D00F753C2 /* NSMutableArray+SafeInsert.m */,
				AC7399111F22034500F753C2 /* NSArray+SafeInsert.h */,
				AC7399121F22034500F753C2 /* NSArray+SafeInsert.m */,
				AC7399171F2204D100F753C2 /* NSMutableSet+SafeInsert.h */,
				AC7399181F2204D100F753C2 /* NSMutableSet+SafeInsert.m */,
				AC73991A1F22051700F753C2 /* NSMutableString+SafeInsert.h */,
				AC73991B1F22051700F753C2 /* NSMutableString+SafeInsert.m */,
				AC7399141F22045A00F753C2 /* NSCache+SafeInsert.h */,
				AC7399151F22045A00F753C2 /* NSCache+SafeInsert.m */,
				AC867DF41F1D99E600694086 /* NSString+MMWidth.h */,
				AC867DF51F1D99E600694086 /* NSString+MMWidth.m */,
				AC867DF61F1D99E600694086 /* UIView+Extend.h */,
				AC867DF71F1D99E600694086 /* UIView+Extend.m */,
				AC867DF81F1D99E600694086 /* UIView+threadHook.h */,
				AC867DF91F1D99E600694086 /* UIView+threadHook.m */,
				AC867DFA1F1D99E600694086 /* UIView+viewController.h */,
				AC867DFB1F1D99E600694086 /* UIView+viewController.m */,
				AC867DFC1F1D99E600694086 /* UIViewController+FixBackIndicatorImage.h */,
				AC867DFD1F1D99E600694086 /* UIViewController+FixBackIndicatorImage.m */,
				AC867DFE1F1D99E600694086 /* UIViewController+FullScreen.h */,
				AC867DFF1F1D99E600694086 /* UIViewController+FullScreen.m */,
				AC867E001F1D99E600694086 /* UIViewController+pregress.h */,
				AC867E011F1D99E600694086 /* UIViewController+pregress.m */,
				AC867E021F1D99E600694086 /* UIViewController+UINavigationItem.h */,
				AC867E031F1D99E600694086 /* UIViewController+UINavigationItem.m */,
			);
			path = Category;
			sourceTree = "<group>";
		};
		AC867E041F1D99E600694086 /* Class */ = {
			isa = PBXGroup;
			children = (
				AC867E051F1D99E600694086 /* MFMultiMenuTableViewCell.h */,
				AC867E061F1D99E600694086 /* MFMultiMenuTableViewCell.m */,
				AC867E071F1D99E600694086 /* MFTableViewCell.h */,
				AC867E081F1D99E600694086 /* MFTableViewCell.m */,
				AC867E091F1D99E600694086 /* MFUIButton.h */,
				AC867E0A1F1D99E600694086 /* MFUIButton.m */,
				AC867E0B1F1D99E600694086 /* MFUICollectionView.h */,
				AC867E0C1F1D99E600694086 /* MFUICollectionView.m */,
				AC867E0D1F1D99E600694086 /* MFUITableView.h */,
				AC867E0E1F1D99E600694086 /* MFUITableView.m */,
				AC867E0F1F1D99E600694086 /* MMBaseClass.h */,
				AC867E101F1D99E600694086 /* MMBaseInfoItem.h */,
				AC867E111F1D99E600694086 /* MMBaseInfoItem.m */,
				AC867E121F1D99E600694086 /* MMBaseTextFieldItem.h */,
				AC867E131F1D99E600694086 /* MMBaseTextFieldItem.m */,
				AC867E141F1D99E600694086 /* MMNavigationController.h */,
				AC867E151F1D99E600694086 /* MMNavigationController.m */,
				AC867E161F1D99E600694086 /* MMObject.h */,
				AC867E171F1D99E600694086 /* MMObject.m */,
				AC867E181F1D99E600694086 /* MMOnePixLayoutConstraint.h */,
				AC867E191F1D99E600694086 /* MMOnePixLayoutConstraint.m */,
				AC867E1A1F1D99E600694086 /* MMSelectButton.h */,
				AC867E1B1F1D99E600694086 /* MMSelectButton.m */,
				AC867E1C1F1D99E600694086 /* MMUIBridgeView.h */,
				AC867E1D1F1D99E600694086 /* MMUIBridgeView.m */,
				AC867E1E1F1D99E600694086 /* MMUINavigationBar.h */,
				AC867E1F1F1D99E600694086 /* MMUINavigationBar.m */,
				AC867E201F1D99E600694086 /* MMUITextField.h */,
				AC867E211F1D99E600694086 /* MMUITextField.m */,
				AC867E221F1D99E600694086 /* MMUIView.h */,
				AC867E231F1D99E600694086 /* MMUIView.m */,
				AC867E241F1D99E600694086 /* MMViewController.h */,
				AC867E251F1D99E600694086 /* MMViewController.m */,
				AC867E261F1D99E600694086 /* UINavigationBar+MMUINavigationBar.h */,
				AC867E271F1D99E600694086 /* UINavigationBar+MMUINavigationBar.m */,
			);
			path = Class;
			sourceTree = "<group>";
		};
		AC867E281F1D99E600694086 /* Helper */ = {
			isa = PBXGroup;
			children = (
				AC867E291F1D99E600694086 /* MFModelHelper.h */,
				AC867E2A1F1D99E600694086 /* MFModelHelper.m */,
				AC867E2B1F1D99E600694086 /* MFThemeHelper.h */,
				AC867E2C1F1D99E600694086 /* MFThemeHelper.m */,
			);
			path = Helper;
			sourceTree = "<group>";
		};
		AC867E2D1F1D99E600694086 /* MFKeyBoardView */ = {
			isa = PBXGroup;
			children = (
			);
			path = MFKeyBoardView;
			sourceTree = "<group>";
		};
		AC867E2E1F1D99E600694086 /* MFNumberKeyBoard */ = {
			isa = PBXGroup;
			children = (
			);
			path = MFNumberKeyBoard;
			sourceTree = "<group>";
		};
		AC867E2F1F1D99E600694086 /* MFTableView */ = {
			isa = PBXGroup;
			children = (
				AC867E301F1D99E600694086 /* MFTableViewCellInfo.h */,
				AC867E311F1D99E600694086 /* MFTableViewCellInfo.m */,
				AC867E321F1D99E600694086 /* MFTableViewInfo.h */,
				AC867E331F1D99E600694086 /* MFTableViewInfo.m */,
				AC867E341F1D99E600694086 /* MFTableViewSectionInfo.h */,
				AC867E351F1D99E600694086 /* MFTableViewSectionInfo.m */,
				AC867E361F1D99E600694086 /* MFTableViewUserInfo.h */,
				AC867E371F1D99E600694086 /* MFTableViewUserInfo.m */,
			);
			path = MFTableView;
			sourceTree = "<group>";
		};
		AC867E381F1D99E600694086 /* MMTabBarController */ = {
			isa = PBXGroup;
			children = (
				AC867E391F1D99E600694086 /* MMTabBarController.h */,
				AC867E3A1F1D99E600694086 /* MMTabBarController.m */,
			);
			path = MMTabBarController;
			sourceTree = "<group>";
		};
		AC867E3B1F1D99E600694086 /* Util */ = {
			isa = PBXGroup;
			children = (
				AC867E3C1F1D99E600694086 /* MFStringUtil.h */,
				AC867E3D1F1D99E600694086 /* MFStringUtil.m */,
			);
			path = Util;
			sourceTree = "<group>";
		};
		AC867E611F1D9BB400694086 /* YYModel */ = {
			isa = PBXGroup;
			children = (
				AC867E621F1D9BB400694086 /* NSObject+YYModel.h */,
				AC867E631F1D9BB400694086 /* NSObject+YYModel.m */,
				AC867E641F1D9BB400694086 /* YYClassInfo.h */,
				AC867E651F1D9BB400694086 /* YYClassInfo.m */,
				AC867E661F1D9BB400694086 /* YYModel.h */,
			);
			path = YYModel;
			sourceTree = "<group>";
		};
		AC867E671F1D9BB400694086 /* LYSideslipCell */ = {
			isa = PBXGroup;
			children = (
				AC867E681F1D9BB400694086 /* Classes */,
			);
			path = LYSideslipCell;
			sourceTree = "<group>";
		};
		AC867E681F1D9BB400694086 /* Classes */ = {
			isa = PBXGroup;
			children = (
				AC867E691F1D9BB400694086 /* LYSideslipCell.h */,
				AC867E6A1F1D9BB400694086 /* LYSideslipCell.m */,
			);
			path = Classes;
			sourceTree = "<group>";
		};
		AC867E6C1F1D9BB400694086 /* HexColors */ = {
			isa = PBXGroup;
			children = (
				AC867E6D1F1D9BB400694086 /* HexColors.h */,
				AC867E6E1F1D9BB400694086 /* HexColors.m */,
			);
			path = HexColors;
			sourceTree = "<group>";
		};
		AC867E6F1F1D9BB400694086 /* XXNibBridge */ = {
			isa = PBXGroup;
			children = (
				AC867E701F1D9BB400694086 /* XXNibBridge.h */,
				AC867E711F1D9BB400694086 /* XXNibBridge.m */,
				AC867E721F1D9BB400694086 /* XXNibConvention.h */,
				AC867E731F1D9BB400694086 /* XXNibConvention.m */,
			);
			path = XXNibBridge;
			sourceTree = "<group>";
		};
		AC867E7A1F1D9C2A00694086 /* Macro */ = {
			isa = PBXGroup;
			children = (
				AC867E7C1F1D9C2A00694086 /* MFUICommonUtil.h */,
				AC867E7B1F1D9C2A00694086 /* MFColorUtil.h */,
				AC85C21E1F1F2D45003785A4 /* MFFileUtil.h */,
			);
			path = Macro;
			sourceTree = "<group>";
		};
		AC867E7D1F1D9CBB00694086 /* MBProgressHUD */ = {
			isa = PBXGroup;
			children = (
				AC867E7E1F1D9CBB00694086 /* MBProgressHUD.h */,
				AC867E7F1F1D9CBB00694086 /* MBProgressHUD.m */,
			);
			path = MBProgressHUD;
			sourceTree = "<group>";
		};
		AC867E8A1F1DB32800694086 /* MFFramework */ = {
			isa = PBXGroup;
			children = (
				AC867E8B1F1DB32800694086 /* MFFramework.h */,
				AC7C284E1F203E6D003C0C4C /* Service */,
				AC7C28491F203E6D003C0C4C /* API */,
				AC867E8C1F1DB32800694086 /* Networking */,
			);
			path = MFFramework;
			sourceTree = "<group>";
		};
		AC867E8C1F1DB32800694086 /* Networking */ = {
			isa = PBXGroup;
			children = (
				AC867E8D1F1DB32800694086 /* HYBNetworking */,
				AC867E921F1DB32800694086 /* MFNetworkRequest.h */,
				AC867E931F1DB32800694086 /* MFNetworkRequest.m */,
				AC867E901F1DB32800694086 /* MFNetwork.h */,
				AC867E911F1DB32800694086 /* MFNetwork.m */,
				AC867EF41F1DF24100694086 /* Accessory */,
			);
			path = Networking;
			sourceTree = "<group>";
		};
		AC867E8D1F1DB32800694086 /* HYBNetworking */ = {
			isa = PBXGroup;
			children = (
				AC867E8E1F1DB32800694086 /* HYBNetworking.h */,
				AC867E8F1F1DB32800694086 /* HYBNetworking.m */,
			);
			path = HYBNetworking;
			sourceTree = "<group>";
		};
		AC867EDD1F1DB4D800694086 /* Models */ = {
			isa = PBXGroup;
			children = (
				AC867EF11F1DD4EA00694086 /* MShopSSOReqAttachObject.h */,
				AC867EF21F1DD4EA00694086 /* MShopSSOReqAttachObject.m */,
				AC867F011F1E00DA00694086 /* MShopLoginUserInfo.h */,
				AC867F021F1E00DA00694086 /* MShopLoginUserInfo.m */,
				AC7C28591F209A79003C0C4C /* MShopLoginUserInfo+WCDB.h */,
				AC7C285A1F209A79003C0C4C /* MShopLoginUserInfo+WCDB.mm */,
				AC7C28541F207932003C0C4C /* MShopLoginTable.h */,
				AC7C28551F207932003C0C4C /* MShopLoginTable.m */,
				AC7C285C1F209B51003C0C4C /* MShopLoginTable+WCDB.h */,
				AC7C285D1F209B51003C0C4C /* MShopLoginTable+WCDB.mm */,
				AC85C21A1F1EE7A1003785A4 /* MShopEmployeeInfo.h */,
				AC85C21B1F1EE7A1003785A4 /* MShopEmployeeInfo.m */,
				AC7C285F1F209B86003C0C4C /* MShopEmployeeInfo+WCDB.h */,
				AC7C28601F209B86003C0C4C /* MShopEmployeeInfo+WCDB.mm */,
				AC7399001F21AC6200F753C2 /* MShopIndividualInfo.h */,
				AC7399011F21AC6200F753C2 /* MShopIndividualInfo.m */,
			);
			path = Models;
			sourceTree = "<group>";
		};
		AC867EDE1F1DB55600694086 /* Service */ = {
			isa = PBXGroup;
			children = (
				AC867EDF1F1DB55600694086 /* MMService.h */,
				AC867EE01F1DB55600694086 /* MMService.m */,
				AC867EE11F1DB55600694086 /* MMServiceCenter.h */,
				AC867EE21F1DB55600694086 /* MMServiceCenter.m */,
			);
			path = Service;
			sourceTree = "<group>";
		};
		AC867EF41F1DF24100694086 /* Accessory */ = {
			isa = PBXGroup;
			children = (
				AC867EF51F1DF24100694086 /* YTKAnimatingRequestAccessory.h */,
				AC867EF61F1DF24100694086 /* YTKAnimatingRequestAccessory.m */,
				AC867EF71F1DF24100694086 /* YTKBaseRequest+AnimatingAccessory.h */,
				AC867EF81F1DF24100694086 /* YTKBaseRequest+AnimatingAccessory.m */,
				AC867EF91F1DF24100694086 /* YTKBatchRequest+AnimatingAccessory.h */,
				AC867EFA1F1DF24100694086 /* YTKBatchRequest+AnimatingAccessory.m */,
				AC867EFB1F1DF24100694086 /* YTKChainRequest+AnimatingAccessory.h */,
				AC867EFC1F1DF24100694086 /* YTKChainRequest+AnimatingAccessory.m */,
			);
			name = Accessory;
			path = static/Accessory;
			sourceTree = "<group>";
		};
/* End PBXGroup section */

/* Begin PBXNativeTarget section */
		AC6670A21F0B25C00067F6EE /* EekaMShop */ = {
			isa = PBXNativeTarget;
			buildConfigurationList = AC6670BA1F0B25C00067F6EE /* Build configuration list for PBXNativeTarget "EekaMShop" */;
			buildPhases = (
				AC66709F1F0B25C00067F6EE /* Sources */,
				AC6670A01F0B25C00067F6EE /* Frameworks */,
				AC6670A11F0B25C00067F6EE /* Resources */,
				AC867DD91F1D982600694086 /* Embed Frameworks */,
				AC867F041F1E02EE00694086 /* WCDB */,
			);
			buildRules = (
			);
			dependencies = (
			);
			name = EekaMShop;
			productName = EekaMShop;
			productReference = AC6670A31F0B25C00067F6EE /* EekaMShop.app */;
			productType = "com.apple.product-type.application";
		};
/* End PBXNativeTarget section */

/* Begin PBXProject section */
		AC66709B1F0B25C00067F6EE /* Project object */ = {
			isa = PBXProject;
			attributes = {
				LastUpgradeCheck = 0830;
				ORGANIZATIONNAME = eeka;
				TargetAttributes = {
					AC6670A21F0B25C00067F6EE = {
						CreatedOnToolsVersion = 8.3.1;
						DevelopmentTeam = 2C97V99SA2;
						ProvisioningStyle = Manual;
					};
				};
			};
			buildConfigurationList = AC66709E1F0B25C00067F6EE /* Build configuration list for PBXProject "EekaMShop" */;
			compatibilityVersion = "Xcode 3.2";
			developmentRegion = English;
			hasScannedForEncodings = 0;
			knownRegions = (
				en,
				Base,
			);
			mainGroup = AC66709A1F0B25C00067F6EE;
			productRefGroup = AC6670A41F0B25C00067F6EE /* Products */;
			projectDirPath = "";
			projectRoot = "";
			targets = (
				AC6670A21F0B25C00067F6EE /* EekaMShop */,
			);
		};
/* End PBXProject section */

/* Begin PBXResourcesBuildPhase section */
		AC6670A11F0B25C00067F6EE /* Resources */ = {
			isa = PBXResourcesBuildPhase;
			buildActionMask = 2147483647;
			files = (
				AC6670B61F0B25C00067F6EE /* LaunchScreen.storyboard in Resources */,
				AC7E3F7F1F25CBB60035E3DC /* MShopEmployeeInfoCellView.xib in Resources */,
				AC7E3F871F25DB650035E3DC /* MShopMemberProfileCellView.xib in Resources */,
				AC6670B31F0B25C00067F6EE /* Assets.xcassets in Resources */,
				AC73990A1F21E68C00F753C2 /* MShopMemberListCellView.xib in Resources */,
				AC7C28581F209509003C0C4C /* Mshop_Me.storyboard in Resources */,
				AC6670B11F0B25C00067F6EE /* Main.storyboard in Resources */,
				AC7C28691F20B540003C0C4C /* MShop_MainFrame.storyboard in Resources */,
			);
			runOnlyForDeploymentPostprocessing = 0;
		};
/* End PBXResourcesBuildPhase section */

/* Begin PBXShellScriptBuildPhase section */
		AC867F041F1E02EE00694086 /* WCDB */ = {
			isa = PBXShellScriptBuildPhase;
			buildActionMask = 2147483647;
			files = (
			);
			inputPaths = (
				"$(SRCROOT)/Carthage/Build/iOS/WCDB.framework",
			);
			name = WCDB;
			outputPaths = (
			);
			runOnlyForDeploymentPostprocessing = 0;
			shellPath = /bin/sh;
			shellScript = "carthage copy-frameworks";
		};
/* End PBXShellScriptBuildPhase section */

/* Begin PBXSourcesBuildPhase section */
		AC66709F1F0B25C00067F6EE /* Sources */ = {
			isa = PBXSourcesBuildPhase;
			buildActionMask = 2147483647;
			files = (
				AC7399131F22034500F753C2 /* NSArray+SafeInsert.m in Sources */,
				AC867E741F1D9BB400694086 /* NSObject+YYModel.m in Sources */,
				AC867E551F1D99E600694086 /* MMUIView.m in Sources */,
				AC7C28531F203E6D003C0C4C /* MShopLoginService.mm in Sources */,
				AC867E571F1D99E600694086 /* UINavigationBar+MMUINavigationBar.m in Sources */,
				AC867EE41F1DB55600694086 /* MMServiceCenter.m in Sources */,
				AC867E421F1D99E600694086 /* UIView+viewController.m in Sources */,
				AC867F001F1DF24100694086 /* YTKChainRequest+AnimatingAccessory.m in Sources */,
				AC7C28511F203E6D003C0C4C /* MShopApiManger.m in Sources */,
				AC867E511F1D99E600694086 /* MMSelectButton.m in Sources */,
				AC867E4C1F1D99E600694086 /* MMBaseInfoItem.m in Sources */,
				AC7399021F21AC6200F753C2 /* MShopIndividualInfo.m in Sources */,
				AC867E531F1D99E600694086 /* MMUINavigationBar.m in Sources */,
				AC867EFF1F1DF24100694086 /* YTKBatchRequest+AnimatingAccessory.m in Sources */,
				AC867E3E1F1D99E600694086 /* NSDictionary+Unicode.m in Sources */,
				AC867E441F1D99E600694086 /* UIViewController+FullScreen.m in Sources */,
				AC867E781F1D9BB400694086 /* XXNibBridge.m in Sources */,
				AC867E5C1F1D99E600694086 /* MFTableViewSectionInfo.m in Sources */,
				AC7C285E1F209B51003C0C4C /* MShopLoginTable+WCDB.mm in Sources */,
				AC867E481F1D99E600694086 /* MFTableViewCell.m in Sources */,
				AC867E4B1F1D99E600694086 /* MFUITableView.m in Sources */,
				AC7FBD7B1F2741B300B11D5C /* MMSearchBarDisplayController.m in Sources */,
				AC867F031F1E00DA00694086 /* MShopLoginUserInfo.m in Sources */,
				AC7FBD751F2735E100B11D5C /* MShopSearchIndividualApi.m in Sources */,
				AC7398FF1F21A33700F753C2 /* MShopGetMemberListApi.m in Sources */,
				AC867EC71F1DB32800694086 /* MFNetworkRequest.m in Sources */,
				AC73991C1F22051700F753C2 /* NSMutableString+SafeInsert.m in Sources */,
				AC867E561F1D99E600694086 /* MMViewController.m in Sources */,
				AC867E4A1F1D99E600694086 /* MFUICollectionView.m in Sources */,
				AC7E3F7A1F25C3130035E3DC /* MShopEmployeeListViewController.m in Sources */,
				AC867E491F1D99E600694086 /* MFUIButton.m in Sources */,
				AC867EFD1F1DF24100694086 /* YTKAnimatingRequestAccessory.m in Sources */,
				AC867E771F1D9BB400694086 /* HexColors.m in Sources */,
				AC867E521F1D99E600694086 /* MMUIBridgeView.m in Sources */,
				AC7FBD7F1F27443100B11D5C /* MShopIndividualConsumptionApi.m in Sources */,
				AC7FBD641F26DB2F00B11D5C /* MShopGetIndividualApi.m in Sources */,
				AC867E4D1F1D99E600694086 /* MMBaseTextFieldItem.m in Sources */,
				AC7399081F21E67500F753C2 /* MShopMemberListCellView.m in Sources */,
				AC867EE31F1DB55600694086 /* MMService.m in Sources */,
				AC867E5F1F1D99E600694086 /* MFStringUtil.m in Sources */,
				AC867E591F1D99E600694086 /* MFThemeHelper.m in Sources */,
				AC7FBD7C1F2741B300B11D5C /* MMUISearchBar.m in Sources */,
				AC85C2221F1F2F7B003785A4 /* MShopMainFrameViewController.m in Sources */,
				AC2547B81F24ABED00F54829 /* MShopMemberDetailViewController.m in Sources */,
				AC7C28521F203E6D003C0C4C /* MShopLoginApi.m in Sources */,
				AC85C2251F1F52BC003785A4 /* MShopAppViewControllerManager.mm in Sources */,
				AC867E801F1D9CBB00694086 /* MBProgressHUD.m in Sources */,
				AC7398FC1F21936800F753C2 /* MShopGetEmployeeListApi.m in Sources */,
				AC6670AB1F0B25C00067F6EE /* MShopAppDelegate.mm in Sources */,
				AC867E461F1D99E600694086 /* UIViewController+UINavigationItem.m in Sources */,
				AC867EC51F1DB32800694086 /* HYBNetworking.m in Sources */,
				AC7399101F21FBAF00F753C2 /* NSMutableDictionary+SafeInsert.m in Sources */,
				AC867E451F1D99E600694086 /* UIViewController+pregress.m in Sources */,
				AC7C28641F20B01E003C0C4C /* MFNetWorkAgent.m in Sources */,
				AC867E411F1D99E600694086 /* UIView+threadHook.m in Sources */,
				AC867E5A1F1D99E600694086 /* MFTableViewCellInfo.m in Sources */,
				AC85C2291F1F542F003785A4 /* MShopMeViewController.mm in Sources */,
				AC867E581F1D99E600694086 /* MFModelHelper.m in Sources */,
				AC867E5E1F1D99E600694086 /* MMTabBarController.m in Sources */,
				AC867E501F1D99E600694086 /* MMOnePixLayoutConstraint.m in Sources */,
				AC867EF31F1DD4EA00694086 /* MShopSSOReqAttachObject.m in Sources */,
				AC7E3F851F25DB270035E3DC /* MShopMemberProfileCellView.m in Sources */,
				AC7E3F7D1F25CA560035E3DC /* MShopEmployeeInfoCellView.m in Sources */,
				AC7C28671F20B33F003C0C4C /* MShopMainFrameLogicController.m in Sources */,
				AC867EFE1F1DF24100694086 /* YTKBaseRequest+AnimatingAccessory.m in Sources */,
				AC7399161F22045A00F753C2 /* NSCache+SafeInsert.m in Sources */,
				AC7399191F2204D100F753C2 /* NSMutableSet+SafeInsert.m in Sources */,
				AC867E751F1D9BB400694086 /* YYClassInfo.m in Sources */,
				AC85C21C1F1EE7A1003785A4 /* MShopEmployeeInfo.m in Sources */,
				AC7399051F21DCF500F753C2 /* MShopUserIdLoginApi.m in Sources */,
				AC7C28611F209B86003C0C4C /* MShopEmployeeInfo+WCDB.mm in Sources */,
				AC867E401F1D99E600694086 /* UIView+Extend.m in Sources */,
				AC867E4E1F1D99E600694086 /* MMNavigationController.m in Sources */,
				AC867DEE1F1D997600694086 /* MShopLoginViewController.mm in Sources */,
				AC867E541F1D99E600694086 /* MMUITextField.m in Sources */,
				AC7C28561F207932003C0C4C /* MShopLoginTable.m in Sources */,
				AC867E3F1F1D99E600694086 /* NSString+MMWidth.m in Sources */,
				AC867EC61F1DB32800694086 /* MFNetwork.m in Sources */,
				AC7E3F821F25CF420035E3DC /* MShopIndividualModifyApi.m in Sources */,
				AC867E791F1D9BB400694086 /* XXNibConvention.m in Sources */,
				AC867E4F1F1D99E600694086 /* MMObject.m in Sources */,
				AC73990D1F21FB8D00F753C2 /* NSMutableArray+SafeInsert.m in Sources */,
				AC867E471F1D99E600694086 /* MFMultiMenuTableViewCell.m in Sources */,
				AC7E3F771F2598DD0035E3DC /* UINavigationController+FDFullscreenPopGesture.m in Sources */,
				AC6670A81F0B25C00067F6EE /* main.m in Sources */,
				AC7C285B1F209A79003C0C4C /* MShopLoginUserInfo+WCDB.mm in Sources */,
				AC867E761F1D9BB400694086 /* LYSideslipCell.m in Sources */,
				AC867E5D1F1D99E600694086 /* MFTableViewUserInfo.m in Sources */,
				AC867E5B1F1D99E600694086 /* MFTableViewInfo.m in Sources */,
				AC867E431F1D99E600694086 /* UIViewController+FixBackIndicatorImage.m in Sources */,
				AC85C22C1F1F5943003785A4 /* MShopMemberListViewController.m in Sources */,
			);
			runOnlyForDeploymentPostprocessing = 0;
		};
/* End PBXSourcesBuildPhase section */

/* Begin PBXVariantGroup section */
		AC6670AF1F0B25C00067F6EE /* Main.storyboard */ = {
			isa = PBXVariantGroup;
			children = (
				AC6670B01F0B25C00067F6EE /* Base */,
			);
			name = Main.storyboard;
			sourceTree = "<group>";
		};
		AC6670B41F0B25C00067F6EE /* LaunchScreen.storyboard */ = {
			isa = PBXVariantGroup;
			children = (
				AC6670B51F0B25C00067F6EE /* Base */,
			);
			name = LaunchScreen.storyboard;
			sourceTree = "<group>";
		};
/* End PBXVariantGroup section */

/* Begin XCBuildConfiguration section */
		AC6670B81F0B25C00067F6EE /* Debug */ = {
			isa = XCBuildConfiguration;
			buildSettings = {
				ALWAYS_SEARCH_USER_PATHS = NO;
				CLANG_ANALYZER_NONNULL = YES;
				CLANG_ANALYZER_NUMBER_OBJECT_CONVERSION = YES_AGGRESSIVE;
				CLANG_CXX_LANGUAGE_STANDARD = "gnu++0x";
				CLANG_CXX_LIBRARY = "libc++";
				CLANG_ENABLE_MODULES = YES;
				CLANG_ENABLE_OBJC_ARC = YES;
				CLANG_WARN_BOOL_CONVERSION = YES;
				CLANG_WARN_CONSTANT_CONVERSION = YES;
				CLANG_WARN_DIRECT_OBJC_ISA_USAGE = YES_ERROR;
				CLANG_WARN_DOCUMENTATION_COMMENTS = YES;
				CLANG_WARN_EMPTY_BODY = YES;
				CLANG_WARN_ENUM_CONVERSION = YES;
				CLANG_WARN_INFINITE_RECURSION = YES;
				CLANG_WARN_INT_CONVERSION = YES;
				CLANG_WARN_OBJC_ROOT_CLASS = YES_ERROR;
				CLANG_WARN_SUSPICIOUS_MOVE = YES;
				CLANG_WARN_UNREACHABLE_CODE = YES;
				CLANG_WARN__DUPLICATE_METHOD_MATCH = YES;
				"CODE_SIGN_IDENTITY[sdk=iphoneos*]" = "iPhone Developer";
				COPY_PHASE_STRIP = NO;
				DEBUG_INFORMATION_FORMAT = dwarf;
				ENABLE_STRICT_OBJC_MSGSEND = YES;
				ENABLE_TESTABILITY = YES;
				GCC_C_LANGUAGE_STANDARD = gnu99;
				GCC_DYNAMIC_NO_PIC = NO;
				GCC_NO_COMMON_BLOCKS = YES;
				GCC_OPTIMIZATION_LEVEL = 0;
				GCC_PREPROCESSOR_DEFINITIONS = (
					"DEBUG=1",
					"$(inherited)",
				);
				GCC_WARN_64_TO_32_BIT_CONVERSION = YES;
				GCC_WARN_ABOUT_RETURN_TYPE = YES_ERROR;
				GCC_WARN_UNDECLARED_SELECTOR = YES;
				GCC_WARN_UNINITIALIZED_AUTOS = YES_AGGRESSIVE;
				GCC_WARN_UNUSED_FUNCTION = YES;
				GCC_WARN_UNUSED_VARIABLE = YES;
				IPHONEOS_DEPLOYMENT_TARGET = 10.3;
				MTL_ENABLE_DEBUG_INFO = YES;
				ONLY_ACTIVE_ARCH = YES;
				SDKROOT = iphoneos;
				TARGETED_DEVICE_FAMILY = "1,2";
			};
			name = Debug;
		};
		AC6670B91F0B25C00067F6EE /* Release */ = {
			isa = XCBuildConfiguration;
			buildSettings = {
				ALWAYS_SEARCH_USER_PATHS = NO;
				CLANG_ANALYZER_NONNULL = YES;
				CLANG_ANALYZER_NUMBER_OBJECT_CONVERSION = YES_AGGRESSIVE;
				CLANG_CXX_LANGUAGE_STANDARD = "gnu++0x";
				CLANG_CXX_LIBRARY = "libc++";
				CLANG_ENABLE_MODULES = YES;
				CLANG_ENABLE_OBJC_ARC = YES;
				CLANG_WARN_BOOL_CONVERSION = YES;
				CLANG_WARN_CONSTANT_CONVERSION = YES;
				CLANG_WARN_DIRECT_OBJC_ISA_USAGE = YES_ERROR;
				CLANG_WARN_DOCUMENTATION_COMMENTS = YES;
				CLANG_WARN_EMPTY_BODY = YES;
				CLANG_WARN_ENUM_CONVERSION = YES;
				CLANG_WARN_INFINITE_RECURSION = YES;
				CLANG_WARN_INT_CONVERSION = YES;
				CLANG_WARN_OBJC_ROOT_CLASS = YES_ERROR;
				CLANG_WARN_SUSPICIOUS_MOVE = YES;
				CLANG_WARN_UNREACHABLE_CODE = YES;
				CLANG_WARN__DUPLICATE_METHOD_MATCH = YES;
				"CODE_SIGN_IDENTITY[sdk=iphoneos*]" = "iPhone Developer";
				COPY_PHASE_STRIP = NO;
				DEBUG_INFORMATION_FORMAT = "dwarf-with-dsym";
				ENABLE_NS_ASSERTIONS = NO;
				ENABLE_STRICT_OBJC_MSGSEND = YES;
				GCC_C_LANGUAGE_STANDARD = gnu99;
				GCC_NO_COMMON_BLOCKS = YES;
				GCC_WARN_64_TO_32_BIT_CONVERSION = YES;
				GCC_WARN_ABOUT_RETURN_TYPE = YES_ERROR;
				GCC_WARN_UNDECLARED_SELECTOR = YES;
				GCC_WARN_UNINITIALIZED_AUTOS = YES_AGGRESSIVE;
				GCC_WARN_UNUSED_FUNCTION = YES;
				GCC_WARN_UNUSED_VARIABLE = YES;
				IPHONEOS_DEPLOYMENT_TARGET = 10.3;
				MTL_ENABLE_DEBUG_INFO = NO;
				SDKROOT = iphoneos;
				TARGETED_DEVICE_FAMILY = "1,2";
				VALIDATE_PRODUCT = YES;
			};
			name = Release;
		};
		AC6670BB1F0B25C00067F6EE /* Debug */ = {
			isa = XCBuildConfiguration;
			buildSettings = {
				ASSETCATALOG_COMPILER_APPICON_NAME = AppIcon;
				CODE_SIGN_IDENTITY = "iPhone Developer: xu yiheng (8BZ9HQD624)";
				DEVELOPMENT_TEAM = 2C97V99SA2;
				ENABLE_BITCODE = NO;
				FRAMEWORK_SEARCH_PATHS = (
					"$(inherited)",
					"$(PROJECT_DIR)/Carthage/Build/iOS",
				);
				GCC_PREFIX_HEADER = "$(SRCROOT)/EekaMShop/EShop-pch.pch";
				INFOPLIST_FILE = EekaMShop/Info.plist;
				IPHONEOS_DEPLOYMENT_TARGET = 8.0;
				LD_RUNPATH_SEARCH_PATHS = "$(inherited) @executable_path/Frameworks";
				LIBRARY_SEARCH_PATHS = (
					"$(inherited)",
					"$(PROJECT_DIR)/EekaMShop/WWK",
					"$(PROJECT_DIR)/EekaMShop/Vendors/WWK",
				);
				PRODUCT_BUNDLE_IDENTIFIER = cn.eeka.eekamshop;
				PRODUCT_NAME = "$(TARGET_NAME)";
				PROVISIONING_PROFILE = "e9106642-63ce-49ed-9541-bf7edc3c1138";
				PROVISIONING_PROFILE_SPECIFIER = "eekamshop开发描述文件";
			};
			name = Debug;
		};
		AC6670BC1F0B25C00067F6EE /* Release */ = {
			isa = XCBuildConfiguration;
			buildSettings = {
				ASSETCATALOG_COMPILER_APPICON_NAME = AppIcon;
				DEVELOPMENT_TEAM = "";
				ENABLE_BITCODE = NO;
				FRAMEWORK_SEARCH_PATHS = (
					"$(inherited)",
					"$(PROJECT_DIR)/Carthage/Build/iOS",
				);
				GCC_PREFIX_HEADER = "$(SRCROOT)/EekaMShop/EShop-pch.pch";
				INFOPLIST_FILE = EekaMShop/Info.plist;
				IPHONEOS_DEPLOYMENT_TARGET = 8.0;
				LD_RUNPATH_SEARCH_PATHS = "$(inherited) @executable_path/Frameworks";
				LIBRARY_SEARCH_PATHS = (
					"$(inherited)",
					"$(PROJECT_DIR)/EekaMShop/WWK",
					"$(PROJECT_DIR)/EekaMShop/Vendors/WWK",
				);
				PRODUCT_BUNDLE_IDENTIFIER = cn.eeka.eekamshop;
				PRODUCT_NAME = "$(TARGET_NAME)";
				PROVISIONING_PROFILE_SPECIFIER = "";
			};
			name = Release;
		};
/* End XCBuildConfiguration section */

/* Begin XCConfigurationList section */
		AC66709E1F0B25C00067F6EE /* Build configuration list for PBXProject "EekaMShop" */ = {
			isa = XCConfigurationList;
			buildConfigurations = (
				AC6670B81F0B25C00067F6EE /* Debug */,
				AC6670B91F0B25C00067F6EE /* Release */,
			);
			defaultConfigurationIsVisible = 0;
			defaultConfigurationName = Release;
		};
		AC6670BA1F0B25C00067F6EE /* Build configuration list for PBXNativeTarget "EekaMShop" */ = {
			isa = XCConfigurationList;
			buildConfigurations = (
				AC6670BB1F0B25C00067F6EE /* Debug */,
				AC6670BC1F0B25C00067F6EE /* Release */,
			);
			defaultConfigurationIsVisible = 0;
			defaultConfigurationName = Release;
		};
/* End XCConfigurationList section */
	};
	rootObject = AC66709B1F0B25C00067F6EE /* Project object */;
}
